// !$*UTF8*$!
{
	archiveVersion = 1;
	classes = {
	};
	objectVersion = 48;
	objects = {

/* Begin PBXBuildFile section */
		007B0D51201C7A8700E53324 /* AppDelegate.swift in Sources */ = {isa = PBXBuildFile; fileRef = 007B0D50201C7A8700E53324 /* AppDelegate.swift */; };
		007B0D53201C7A8700E53324 /* CameraViewController.swift in Sources */ = {isa = PBXBuildFile; fileRef = 007B0D52201C7A8700E53324 /* CameraViewController.swift */; };
		007B0D56201C7A8700E53324 /* Main.storyboard in Resources */ = {isa = PBXBuildFile; fileRef = 007B0D54201C7A8700E53324 /* Main.storyboard */; };
		007B0D58201C7A8700E53324 /* Assets.xcassets in Resources */ = {isa = PBXBuildFile; fileRef = 007B0D57201C7A8700E53324 /* Assets.xcassets */; };
		007B0D5B201C7A8700E53324 /* LaunchScreen.storyboard in Resources */ = {isa = PBXBuildFile; fileRef = 007B0D59201C7A8700E53324 /* LaunchScreen.storyboard */; };
		007B0D66201C7A8700E53324 /* ArcFaceTestTests.swift in Sources */ = {isa = PBXBuildFile; fileRef = 007B0D65201C7A8700E53324 /* ArcFaceTestTests.swift */; };
		007B0D71201C7A8700E53324 /* ArcFaceTestUITests.swift in Sources */ = {isa = PBXBuildFile; fileRef = 007B0D70201C7A8700E53324 /* ArcFaceTestUITests.swift */; };
		007B0D9A201C88D900E53324 /* AFRPerson.m in Sources */ = {isa = PBXBuildFile; fileRef = 007B0D8E201C88D700E53324 /* AFRPerson.m */; };
		007B0D9B201C88D900E53324 /* AFRManager.m in Sources */ = {isa = PBXBuildFile; fileRef = 007B0D92201C88D800E53324 /* AFRManager.m */; };
		007B0D9C201C88D900E53324 /* AFVideoProcessor.mm in Sources */ = {isa = PBXBuildFile; fileRef = 007B0D93201C88D800E53324 /* AFVideoProcessor.mm */; };
		007B0D9D201C88D900E53324 /* AFCameraController.m in Sources */ = {isa = PBXBuildFile; fileRef = 007B0D95201C88D800E53324 /* AFCameraController.m */; };
		007B0D9E201C88D900E53324 /* AFRCDManager.m in Sources */ = {isa = PBXBuildFile; fileRef = 007B0D96201C88D800E53324 /* AFRCDManager.m */; };
		007B0D9F201C88D900E53324 /* Utility.m in Sources */ = {isa = PBXBuildFile; fileRef = 007B0D98201C88D900E53324 /* Utility.m */; };
		007B0DAF201C895900E53324 /* GLView.mm in Sources */ = {isa = PBXBuildFile; fileRef = 007B0DAA201C895900E53324 /* GLView.mm */; };
		007B0DB0201C895900E53324 /* GLProgram.m in Sources */ = {isa = PBXBuildFile; fileRef = 007B0DAB201C895900E53324 /* GLProgram.m */; };
		007B0DCC201C89FD00E53324 /* libmpbase.a in Frameworks */ = {isa = PBXBuildFile; fileRef = 007B0DB9201C89FC00E53324 /* libmpbase.a */; };
		007B0DCD201C89FD00E53324 /* libarcsoft_mobilecv.a in Frameworks */ = {isa = PBXBuildFile; fileRef = 007B0DBA201C89FC00E53324 /* libarcsoft_mobilecv.a */; };
		007B0DCE201C89FD00E53324 /* arcsoft_face_base.a in Frameworks */ = {isa = PBXBuildFile; fileRef = 007B0DBB201C89FC00E53324 /* arcsoft_face_base.a */; };
		007B0DCF201C89FD00E53324 /* libarcsoft_fsdk_base.a in Frameworks */ = {isa = PBXBuildFile; fileRef = 007B0DBC201C89FC00E53324 /* libarcsoft_fsdk_base.a */; };
		007B0DD0201C89FD00E53324 /* libarcsoft_fsdk_face_detection.a in Frameworks */ = {isa = PBXBuildFile; fileRef = 007B0DC1201C89FC00E53324 /* libarcsoft_fsdk_face_detection.a */; };
		007B0DD1201C89FD00E53324 /* libarcsoft_fsdk_face_recognition.a in Frameworks */ = {isa = PBXBuildFile; fileRef = 007B0DC6201C89FC00E53324 /* libarcsoft_fsdk_face_recognition.a */; };
		007B0DD2201C89FD00E53324 /* libarcsoft_fsdk_face_tracking.a in Frameworks */ = {isa = PBXBuildFile; fileRef = 007B0DCB201C89FC00E53324 /* libarcsoft_fsdk_face_tracking.a */; };
		007B0DE2201C8C3000E53324 /* FSDKFR.xcdatamodeld in Sources */ = {isa = PBXBuildFile; fileRef = 007B0DE0201C8C3000E53324 /* FSDKFR.xcdatamodeld */; };
		007B0DE5201C8CB600E53324 /* libstdc++.6.tbd in Frameworks */ = {isa = PBXBuildFile; fileRef = 007B0DE4201C8CB600E53324 /* libstdc++.6.tbd */; };
		284B7055204EE32A006A8E60 /* MeTableViewController.swift in Sources */ = {isa = PBXBuildFile; fileRef = 284B7054204EE32A006A8E60 /* MeTableViewController.swift */; };
		7318728B204E5EDC00BD59FE /* ProfileTableViewController.swift in Sources */ = {isa = PBXBuildFile; fileRef = 7318728A204E5EDC00BD59FE /* ProfileTableViewController.swift */; };
		733774A42027091000FBD53E /* FaceRecognitionViewController.swift in Sources */ = {isa = PBXBuildFile; fileRef = 733774A32027091000FBD53E /* FaceRecognitionViewController.swift */; };
		735A1676203B375800D8DD4B /* MyStatisticsTableViewController.swift in Sources */ = {isa = PBXBuildFile; fileRef = 735A1675203B375800D8DD4B /* MyStatisticsTableViewController.swift */; };
		735A1678203B385A00D8DD4B /* ProfileTableViewCell.swift in Sources */ = {isa = PBXBuildFile; fileRef = 735A1677203B385A00D8DD4B /* ProfileTableViewCell.swift */; };
		7382F42B20274C2700084440 /* FaceRecognition.storyboard in Resources */ = {isa = PBXBuildFile; fileRef = 7382F42A20274C2700084440 /* FaceRecognition.storyboard */; };
		7382F42D20274C5800084440 /* CheckingIn.storyboard in Resources */ = {isa = PBXBuildFile; fileRef = 7382F42C20274C5800084440 /* CheckingIn.storyboard */; };
		7382F42F20274C6E00084440 /* Me.storyboard in Resources */ = {isa = PBXBuildFile; fileRef = 7382F42E20274C6E00084440 /* Me.storyboard */; };
		7382F43220274C8100084440 /* MyStatistics.storyboard in Resources */ = {isa = PBXBuildFile; fileRef = 7382F43020274C8100084440 /* MyStatistics.storyboard */; };
/* End PBXBuildFile section */

/* Begin PBXContainerItemProxy section */
		007B0D62201C7A8700E53324 /* PBXContainerItemProxy */ = {
			isa = PBXContainerItemProxy;
			containerPortal = 007B0D45201C7A8700E53324 /* Project object */;
			proxyType = 1;
			remoteGlobalIDString = 007B0D4C201C7A8700E53324;
			remoteInfo = ArcFaceTest;
		};
		007B0D6D201C7A8700E53324 /* PBXContainerItemProxy */ = {
			isa = PBXContainerItemProxy;
			containerPortal = 007B0D45201C7A8700E53324 /* Project object */;
			proxyType = 1;
			remoteGlobalIDString = 007B0D4C201C7A8700E53324;
			remoteInfo = ArcFaceTest;
		};
/* End PBXContainerItemProxy section */

/* Begin PBXFileReference section */
		007B0D4D201C7A8700E53324 /* ArcFaceTest.app */ = {isa = PBXFileReference; explicitFileType = wrapper.application; includeInIndex = 0; path = ArcFaceTest.app; sourceTree = BUILT_PRODUCTS_DIR; };
		007B0D50201C7A8700E53324 /* AppDelegate.swift */ = {isa = PBXFileReference; lastKnownFileType = sourcecode.swift; path = AppDelegate.swift; sourceTree = "<group>"; };
		007B0D52201C7A8700E53324 /* CameraViewController.swift */ = {isa = PBXFileReference; lastKnownFileType = sourcecode.swift; path = CameraViewController.swift; sourceTree = "<group>"; };
		007B0D55201C7A8700E53324 /* Base */ = {isa = PBXFileReference; lastKnownFileType = file.storyboard; name = Base; path = Base.lproj/Main.storyboard; sourceTree = "<group>"; };
		007B0D57201C7A8700E53324 /* Assets.xcassets */ = {isa = PBXFileReference; lastKnownFileType = folder.assetcatalog; path = Assets.xcassets; sourceTree = "<group>"; };
		007B0D5A201C7A8700E53324 /* Base */ = {isa = PBXFileReference; lastKnownFileType = file.storyboard; name = Base; path = Base.lproj/LaunchScreen.storyboard; sourceTree = "<group>"; };
		007B0D5C201C7A8700E53324 /* Info.plist */ = {isa = PBXFileReference; lastKnownFileType = text.plist.xml; path = Info.plist; sourceTree = "<group>"; };
		007B0D61201C7A8700E53324 /* ArcFaceTestTests.xctest */ = {isa = PBXFileReference; explicitFileType = wrapper.cfbundle; includeInIndex = 0; path = ArcFaceTestTests.xctest; sourceTree = BUILT_PRODUCTS_DIR; };
		007B0D65201C7A8700E53324 /* ArcFaceTestTests.swift */ = {isa = PBXFileReference; lastKnownFileType = sourcecode.swift; path = ArcFaceTestTests.swift; sourceTree = "<group>"; };
		007B0D67201C7A8700E53324 /* Info.plist */ = {isa = PBXFileReference; lastKnownFileType = text.plist.xml; path = Info.plist; sourceTree = "<group>"; };
		007B0D6C201C7A8700E53324 /* ArcFaceTestUITests.xctest */ = {isa = PBXFileReference; explicitFileType = wrapper.cfbundle; includeInIndex = 0; path = ArcFaceTestUITests.xctest; sourceTree = BUILT_PRODUCTS_DIR; };
		007B0D70201C7A8700E53324 /* ArcFaceTestUITests.swift */ = {isa = PBXFileReference; lastKnownFileType = sourcecode.swift; path = ArcFaceTestUITests.swift; sourceTree = "<group>"; };
		007B0D72201C7A8700E53324 /* Info.plist */ = {isa = PBXFileReference; lastKnownFileType = text.plist.xml; path = Info.plist; sourceTree = "<group>"; };
		007B0D80201C81BB00E53324 /* ArcFaceTest-Bridging-Header.h */ = {isa = PBXFileReference; lastKnownFileType = sourcecode.c.h; path = "ArcFaceTest-Bridging-Header.h"; sourceTree = "<group>"; };
		007B0D8E201C88D700E53324 /* AFRPerson.m */ = {isa = PBXFileReference; fileEncoding = 4; lastKnownFileType = sourcecode.c.objc; path = AFRPerson.m; sourceTree = "<group>"; };
		007B0D8F201C88D700E53324 /* AFCameraController.h */ = {isa = PBXFileReference; fileEncoding = 4; lastKnownFileType = sourcecode.c.h; path = AFCameraController.h; sourceTree = "<group>"; };
		007B0D90201C88D700E53324 /* AFVideoProcessor.h */ = {isa = PBXFileReference; fileEncoding = 4; lastKnownFileType = sourcecode.c.h; path = AFVideoProcessor.h; sourceTree = "<group>"; };
		007B0D91201C88D800E53324 /* AFRManager.h */ = {isa = PBXFileReference; fileEncoding = 4; lastKnownFileType = sourcecode.c.h; path = AFRManager.h; sourceTree = "<group>"; };
		007B0D92201C88D800E53324 /* AFRManager.m */ = {isa = PBXFileReference; fileEncoding = 4; lastKnownFileType = sourcecode.c.objc; path = AFRManager.m; sourceTree = "<group>"; };
		007B0D93201C88D800E53324 /* AFVideoProcessor.mm */ = {isa = PBXFileReference; fileEncoding = 4; lastKnownFileType = sourcecode.cpp.objcpp; path = AFVideoProcessor.mm; sourceTree = "<group>"; };
		007B0D94201C88D800E53324 /* Utility.h */ = {isa = PBXFileReference; fileEncoding = 4; lastKnownFileType = sourcecode.c.h; path = Utility.h; sourceTree = "<group>"; };
		007B0D95201C88D800E53324 /* AFCameraController.m */ = {isa = PBXFileReference; fileEncoding = 4; lastKnownFileType = sourcecode.c.objc; path = AFCameraController.m; sourceTree = "<group>"; };
		007B0D96201C88D800E53324 /* AFRCDManager.m */ = {isa = PBXFileReference; fileEncoding = 4; lastKnownFileType = sourcecode.c.objc; path = AFRCDManager.m; sourceTree = "<group>"; };
		007B0D97201C88D800E53324 /* AFRPerson.h */ = {isa = PBXFileReference; fileEncoding = 4; lastKnownFileType = sourcecode.c.h; path = AFRPerson.h; sourceTree = "<group>"; };
		007B0D98201C88D900E53324 /* Utility.m */ = {isa = PBXFileReference; fileEncoding = 4; lastKnownFileType = sourcecode.c.objc; path = Utility.m; sourceTree = "<group>"; };
		007B0D99201C88D900E53324 /* AFRCDManager.h */ = {isa = PBXFileReference; fileEncoding = 4; lastKnownFileType = sourcecode.c.h; path = AFRCDManager.h; sourceTree = "<group>"; };
		007B0DAA201C895900E53324 /* GLView.mm */ = {isa = PBXFileReference; fileEncoding = 4; lastKnownFileType = sourcecode.cpp.objcpp; name = GLView.mm; path = ArcFaceTest/Objc/render/GLView.mm; sourceTree = SOURCE_ROOT; };
		007B0DAB201C895900E53324 /* GLProgram.m */ = {isa = PBXFileReference; fileEncoding = 4; lastKnownFileType = sourcecode.c.objc; name = GLProgram.m; path = ArcFaceTest/Objc/render/GLProgram.m; sourceTree = SOURCE_ROOT; };
		007B0DAC201C895900E53324 /* GLProgram.h */ = {isa = PBXFileReference; fileEncoding = 4; lastKnownFileType = sourcecode.c.h; name = GLProgram.h; path = ArcFaceTest/Objc/render/GLProgram.h; sourceTree = SOURCE_ROOT; };
		007B0DAD201C895900E53324 /* GLShader.h */ = {isa = PBXFileReference; fileEncoding = 4; lastKnownFileType = sourcecode.c.h; name = GLShader.h; path = ArcFaceTest/Objc/render/GLShader.h; sourceTree = SOURCE_ROOT; };
		007B0DAE201C895900E53324 /* GLView.h */ = {isa = PBXFileReference; fileEncoding = 4; lastKnownFileType = sourcecode.c.h; name = GLView.h; path = ArcFaceTest/Objc/render/GLView.h; sourceTree = SOURCE_ROOT; };
		007B0DB4201C89FC00E53324 /* asvloffscreen.h */ = {isa = PBXFileReference; fileEncoding = 4; lastKnownFileType = sourcecode.c.h; path = asvloffscreen.h; sourceTree = "<group>"; };
		007B0DB5201C89FC00E53324 /* amcomdef.h */ = {isa = PBXFileReference; fileEncoding = 4; lastKnownFileType = sourcecode.c.h; path = amcomdef.h; sourceTree = "<group>"; };
		007B0DB6201C89FC00E53324 /* ammem.h */ = {isa = PBXFileReference; fileEncoding = 4; lastKnownFileType = sourcecode.c.h; path = ammem.h; sourceTree = "<group>"; };
		007B0DB7201C89FC00E53324 /* merror.h */ = {isa = PBXFileReference; fileEncoding = 4; lastKnownFileType = sourcecode.c.h; path = merror.h; sourceTree = "<group>"; };
		007B0DB9201C89FC00E53324 /* libmpbase.a */ = {isa = PBXFileReference; lastKnownFileType = archive.ar; path = libmpbase.a; sourceTree = "<group>"; };
		007B0DBA201C89FC00E53324 /* libarcsoft_mobilecv.a */ = {isa = PBXFileReference; lastKnownFileType = archive.ar; path = libarcsoft_mobilecv.a; sourceTree = "<group>"; };
		007B0DBB201C89FC00E53324 /* arcsoft_face_base.a */ = {isa = PBXFileReference; lastKnownFileType = archive.ar; path = arcsoft_face_base.a; sourceTree = "<group>"; };
		007B0DBC201C89FC00E53324 /* libarcsoft_fsdk_base.a */ = {isa = PBXFileReference; lastKnownFileType = archive.ar; path = libarcsoft_fsdk_base.a; sourceTree = "<group>"; };
		007B0DBF201C89FC00E53324 /* arcsoft_fsdk_face_detection.h */ = {isa = PBXFileReference; fileEncoding = 4; lastKnownFileType = sourcecode.c.h; path = arcsoft_fsdk_face_detection.h; sourceTree = "<group>"; };
		007B0DC1201C89FC00E53324 /* libarcsoft_fsdk_face_detection.a */ = {isa = PBXFileReference; lastKnownFileType = archive.ar; path = libarcsoft_fsdk_face_detection.a; sourceTree = "<group>"; };
		007B0DC4201C89FC00E53324 /* arcsoft_fsdk_face_recognition.h */ = {isa = PBXFileReference; fileEncoding = 4; lastKnownFileType = sourcecode.c.h; path = arcsoft_fsdk_face_recognition.h; sourceTree = "<group>"; };
		007B0DC6201C89FC00E53324 /* libarcsoft_fsdk_face_recognition.a */ = {isa = PBXFileReference; lastKnownFileType = archive.ar; path = libarcsoft_fsdk_face_recognition.a; sourceTree = "<group>"; };
		007B0DC9201C89FC00E53324 /* arcsoft_fsdk_face_tracking.h */ = {isa = PBXFileReference; fileEncoding = 4; lastKnownFileType = sourcecode.c.h; path = arcsoft_fsdk_face_tracking.h; sourceTree = "<group>"; };
		007B0DCB201C89FC00E53324 /* libarcsoft_fsdk_face_tracking.a */ = {isa = PBXFileReference; lastKnownFileType = archive.ar; path = libarcsoft_fsdk_face_tracking.a; sourceTree = "<group>"; };
		007B0DD3201C8A9000E53324 /* AFRCDPerson+CoreDataClass.h */ = {isa = PBXFileReference; fileEncoding = 4; lastKnownFileType = sourcecode.c.h; path = "AFRCDPerson+CoreDataClass.h"; sourceTree = "<group>"; };
		007B0DD4201C8A9100E53324 /* AFRCDPerson+CoreDataClass.m */ = {isa = PBXFileReference; fileEncoding = 4; lastKnownFileType = sourcecode.c.objc; path = "AFRCDPerson+CoreDataClass.m"; sourceTree = "<group>"; };
		007B0DD6201C8A9A00E53324 /* AFRCDVersion+CoreDataProperties.m */ = {isa = PBXFileReference; fileEncoding = 4; lastKnownFileType = sourcecode.c.objc; path = "AFRCDVersion+CoreDataProperties.m"; sourceTree = "<group>"; };
		007B0DD7201C8A9A00E53324 /* AFRCDPerson+CoreDataProperties.h */ = {isa = PBXFileReference; fileEncoding = 4; lastKnownFileType = sourcecode.c.h; path = "AFRCDPerson+CoreDataProperties.h"; sourceTree = "<group>"; };
		007B0DD8201C8A9A00E53324 /* AFRCDVersion+CoreDataClass.h */ = {isa = PBXFileReference; fileEncoding = 4; lastKnownFileType = sourcecode.c.h; path = "AFRCDVersion+CoreDataClass.h"; sourceTree = "<group>"; };
		007B0DD9201C8A9B00E53324 /* AFRCDPerson+CoreDataProperties.m */ = {isa = PBXFileReference; fileEncoding = 4; lastKnownFileType = sourcecode.c.objc; path = "AFRCDPerson+CoreDataProperties.m"; sourceTree = "<group>"; };
		007B0DDA201C8A9B00E53324 /* AFRCDVersion+CoreDataClass.m */ = {isa = PBXFileReference; fileEncoding = 4; lastKnownFileType = sourcecode.c.objc; path = "AFRCDVersion+CoreDataClass.m"; sourceTree = "<group>"; };
		007B0DDB201C8A9B00E53324 /* AFRCDVersion+CoreDataProperties.h */ = {isa = PBXFileReference; fileEncoding = 4; lastKnownFileType = sourcecode.c.h; path = "AFRCDVersion+CoreDataProperties.h"; sourceTree = "<group>"; };
		007B0DE1201C8C3000E53324 /* FSDKFR.xcdatamodel */ = {isa = PBXFileReference; lastKnownFileType = wrapper.xcdatamodel; path = FSDKFR.xcdatamodel; sourceTree = "<group>"; };
		007B0DE4201C8CB600E53324 /* libstdc++.6.tbd */ = {isa = PBXFileReference; lastKnownFileType = "sourcecode.text-based-dylib-definition"; name = "libstdc++.6.tbd"; path = "usr/lib/libstdc++.6.tbd"; sourceTree = SDKROOT; };
		284B7054204EE32A006A8E60 /* MeTableViewController.swift */ = {isa = PBXFileReference; lastKnownFileType = sourcecode.swift; path = MeTableViewController.swift; sourceTree = "<group>"; };
		7318728A204E5EDC00BD59FE /* ProfileTableViewController.swift */ = {isa = PBXFileReference; lastKnownFileType = sourcecode.swift; path = ProfileTableViewController.swift; sourceTree = "<group>"; };
		733774A32027091000FBD53E /* FaceRecognitionViewController.swift */ = {isa = PBXFileReference; lastKnownFileType = sourcecode.swift; path = FaceRecognitionViewController.swift; sourceTree = "<group>"; };
		735A1675203B375800D8DD4B /* MyStatisticsTableViewController.swift */ = {isa = PBXFileReference; lastKnownFileType = sourcecode.swift; path = MyStatisticsTableViewController.swift; sourceTree = "<group>"; };
		735A1677203B385A00D8DD4B /* ProfileTableViewCell.swift */ = {isa = PBXFileReference; lastKnownFileType = sourcecode.swift; path = ProfileTableViewCell.swift; sourceTree = "<group>"; };
		7382F42A20274C2700084440 /* FaceRecognition.storyboard */ = {isa = PBXFileReference; fileEncoding = 4; lastKnownFileType = file.storyboard; path = FaceRecognition.storyboard; sourceTree = "<group>"; };
		7382F42C20274C5800084440 /* CheckingIn.storyboard */ = {isa = PBXFileReference; fileEncoding = 4; lastKnownFileType = file.storyboard; path = CheckingIn.storyboard; sourceTree = "<group>"; };
		7382F42E20274C6E00084440 /* Me.storyboard */ = {isa = PBXFileReference; fileEncoding = 4; lastKnownFileType = file.storyboard; path = Me.storyboard; sourceTree = "<group>"; };
		7382F43120274C8100084440 /* Base */ = {isa = PBXFileReference; lastKnownFileType = file.storyboard; name = Base; path = ArcFaceTest/Base.lproj/MyStatistics.storyboard; sourceTree = "<group>"; };
/* End PBXFileReference section */

/* Begin PBXFrameworksBuildPhase section */
		007B0D4A201C7A8700E53324 /* Frameworks */ = {
			isa = PBXFrameworksBuildPhase;
			buildActionMask = 2147483647;
			files = (
				007B0DE5201C8CB600E53324 /* libstdc++.6.tbd in Frameworks */,
				007B0DCE201C89FD00E53324 /* arcsoft_face_base.a in Frameworks */,
				007B0DD2201C89FD00E53324 /* libarcsoft_fsdk_face_tracking.a in Frameworks */,
				007B0DCC201C89FD00E53324 /* libmpbase.a in Frameworks */,
				007B0DCD201C89FD00E53324 /* libarcsoft_mobilecv.a in Frameworks */,
				007B0DD0201C89FD00E53324 /* libarcsoft_fsdk_face_detection.a in Frameworks */,
				007B0DCF201C89FD00E53324 /* libarcsoft_fsdk_base.a in Frameworks */,
				007B0DD1201C89FD00E53324 /* libarcsoft_fsdk_face_recognition.a in Frameworks */,
			);
			runOnlyForDeploymentPostprocessing = 0;
		};
		007B0D5E201C7A8700E53324 /* Frameworks */ = {
			isa = PBXFrameworksBuildPhase;
			buildActionMask = 2147483647;
			files = (
			);
			runOnlyForDeploymentPostprocessing = 0;
		};
		007B0D69201C7A8700E53324 /* Frameworks */ = {
			isa = PBXFrameworksBuildPhase;
			buildActionMask = 2147483647;
			files = (
			);
			runOnlyForDeploymentPostprocessing = 0;
		};
/* End PBXFrameworksBuildPhase section */

/* Begin PBXGroup section */
		007B0D44201C7A8700E53324 = {
			isa = PBXGroup;
			children = (
				284B7054204EE32A006A8E60 /* MeTableViewController.swift */,
				007B0D4F201C7A8700E53324 /* ArcFaceTest */,
				007B0D64201C7A8700E53324 /* ArcFaceTestTests */,
				007B0D6F201C7A8700E53324 /* ArcFaceTestUITests */,
				007B0D4E201C7A8700E53324 /* Products */,
				007B0DE3201C8CB600E53324 /* Frameworks */,
				007B0D57201C7A8700E53324 /* Assets.xcassets */,
			);
			sourceTree = "<group>";
		};
		007B0D4E201C7A8700E53324 /* Products */ = {
			isa = PBXGroup;
			children = (
				007B0D4D201C7A8700E53324 /* ArcFaceTest.app */,
				007B0D61201C7A8700E53324 /* ArcFaceTestTests.xctest */,
				007B0D6C201C7A8700E53324 /* ArcFaceTestUITests.xctest */,
			);
			name = Products;
			sourceTree = "<group>";
		};
		007B0D4F201C7A8700E53324 /* ArcFaceTest */ = {
			isa = PBXGroup;
			children = (
				007B0D54201C7A8700E53324 /* Main.storyboard */,
				7382F43020274C8100084440 /* MyStatistics.storyboard */,
				7382F42E20274C6E00084440 /* Me.storyboard */,
				7382F42C20274C5800084440 /* CheckingIn.storyboard */,
				7382F42A20274C2700084440 /* FaceRecognition.storyboard */,
				007B0D59201C7A8700E53324 /* LaunchScreen.storyboard */,
				007B0D80201C81BB00E53324 /* ArcFaceTest-Bridging-Header.h */,
				007B0D82201C826F00E53324 /* Objc */,
				007B0D50201C7A8700E53324 /* AppDelegate.swift */,
				007B0D52201C7A8700E53324 /* CameraViewController.swift */,
				733774A32027091000FBD53E /* FaceRecognitionViewController.swift */,
				735A1675203B375800D8DD4B /* MyStatisticsTableViewController.swift */,
				7318728A204E5EDC00BD59FE /* ProfileTableViewController.swift */,
				735A1677203B385A00D8DD4B /* ProfileTableViewCell.swift */,
				007B0D5C201C7A8700E53324 /* Info.plist */,
			);
			path = ArcFaceTest;
			sourceTree = "<group>";
		};
		007B0D64201C7A8700E53324 /* ArcFaceTestTests */ = {
			isa = PBXGroup;
			children = (
				007B0D65201C7A8700E53324 /* ArcFaceTestTests.swift */,
				007B0D67201C7A8700E53324 /* Info.plist */,
			);
			path = ArcFaceTestTests;
			sourceTree = "<group>";
		};
		007B0D6F201C7A8700E53324 /* ArcFaceTestUITests */ = {
			isa = PBXGroup;
			children = (
				007B0D70201C7A8700E53324 /* ArcFaceTestUITests.swift */,
				007B0D72201C7A8700E53324 /* Info.plist */,
			);
			path = ArcFaceTestUITests;
			sourceTree = "<group>";
		};
		007B0D82201C826F00E53324 /* Objc */ = {
			isa = PBXGroup;
			children = (
				007B0DD7201C8A9A00E53324 /* AFRCDPerson+CoreDataProperties.h */,
				007B0DD9201C8A9B00E53324 /* AFRCDPerson+CoreDataProperties.m */,
				007B0DD8201C8A9A00E53324 /* AFRCDVersion+CoreDataClass.h */,
				007B0DDA201C8A9B00E53324 /* AFRCDVersion+CoreDataClass.m */,
				007B0DDB201C8A9B00E53324 /* AFRCDVersion+CoreDataProperties.h */,
				007B0DD6201C8A9A00E53324 /* AFRCDVersion+CoreDataProperties.m */,
				007B0DD3201C8A9000E53324 /* AFRCDPerson+CoreDataClass.h */,
				007B0DD4201C8A9100E53324 /* AFRCDPerson+CoreDataClass.m */,
				007B0DDF201C8C0400E53324 /* coredata */,
				007B0DB1201C89FC00E53324 /* engines */,
				007B0DA2201C891B00E53324 /* render */,
				007B0D8F201C88D700E53324 /* AFCameraController.h */,
				007B0D95201C88D800E53324 /* AFCameraController.m */,
				007B0D91201C88D800E53324 /* AFRManager.h */,
				007B0D92201C88D800E53324 /* AFRManager.m */,
				007B0D97201C88D800E53324 /* AFRPerson.h */,
				007B0D8E201C88D700E53324 /* AFRPerson.m */,
				007B0D90201C88D700E53324 /* AFVideoProcessor.h */,
				007B0D93201C88D800E53324 /* AFVideoProcessor.mm */,
				007B0D94201C88D800E53324 /* Utility.h */,
				007B0D98201C88D900E53324 /* Utility.m */,
			);
			path = Objc;
			sourceTree = "<group>";
		};
		007B0DA2201C891B00E53324 /* render */ = {
			isa = PBXGroup;
			children = (
				007B0DAC201C895900E53324 /* GLProgram.h */,
				007B0DAB201C895900E53324 /* GLProgram.m */,
				007B0DAD201C895900E53324 /* GLShader.h */,
				007B0DAE201C895900E53324 /* GLView.h */,
				007B0DAA201C895900E53324 /* GLView.mm */,
			);
			path = render;
			sourceTree = "<group>";
		};
		007B0DB1201C89FC00E53324 /* engines */ = {
			isa = PBXGroup;
			children = (
				007B0DB2201C89FC00E53324 /* common */,
				007B0DBD201C89FC00E53324 /* arcsoft_fsdk_face_detection */,
				007B0DC2201C89FC00E53324 /* arcsoft_fsdk_face_recognition */,
				007B0DC7201C89FC00E53324 /* arcsoft_fsdk_face_tracking */,
			);
			path = engines;
			sourceTree = "<group>";
		};
		007B0DB2201C89FC00E53324 /* common */ = {
			isa = PBXGroup;
			children = (
				007B0DB3201C89FC00E53324 /* inc */,
				007B0DB8201C89FC00E53324 /* lib */,
			);
			path = common;
			sourceTree = "<group>";
		};
		007B0DB3201C89FC00E53324 /* inc */ = {
			isa = PBXGroup;
			children = (
				007B0DB4201C89FC00E53324 /* asvloffscreen.h */,
				007B0DB5201C89FC00E53324 /* amcomdef.h */,
				007B0DB6201C89FC00E53324 /* ammem.h */,
				007B0DB7201C89FC00E53324 /* merror.h */,
			);
			path = inc;
			sourceTree = "<group>";
		};
		007B0DB8201C89FC00E53324 /* lib */ = {
			isa = PBXGroup;
			children = (
				007B0DB9201C89FC00E53324 /* libmpbase.a */,
				007B0DBA201C89FC00E53324 /* libarcsoft_mobilecv.a */,
				007B0DBB201C89FC00E53324 /* arcsoft_face_base.a */,
				007B0DBC201C89FC00E53324 /* libarcsoft_fsdk_base.a */,
			);
			path = lib;
			sourceTree = "<group>";
		};
		007B0DBD201C89FC00E53324 /* arcsoft_fsdk_face_detection */ = {
			isa = PBXGroup;
			children = (
				007B0DBE201C89FC00E53324 /* inc */,
				007B0DC0201C89FC00E53324 /* lib */,
			);
			path = arcsoft_fsdk_face_detection;
			sourceTree = "<group>";
		};
		007B0DBE201C89FC00E53324 /* inc */ = {
			isa = PBXGroup;
			children = (
				007B0DBF201C89FC00E53324 /* arcsoft_fsdk_face_detection.h */,
			);
			path = inc;
			sourceTree = "<group>";
		};
		007B0DC0201C89FC00E53324 /* lib */ = {
			isa = PBXGroup;
			children = (
				007B0DC1201C89FC00E53324 /* libarcsoft_fsdk_face_detection.a */,
			);
			path = lib;
			sourceTree = "<group>";
		};
		007B0DC2201C89FC00E53324 /* arcsoft_fsdk_face_recognition */ = {
			isa = PBXGroup;
			children = (
				007B0DC3201C89FC00E53324 /* inc */,
				007B0DC5201C89FC00E53324 /* lib */,
			);
			path = arcsoft_fsdk_face_recognition;
			sourceTree = "<group>";
		};
		007B0DC3201C89FC00E53324 /* inc */ = {
			isa = PBXGroup;
			children = (
				007B0DC4201C89FC00E53324 /* arcsoft_fsdk_face_recognition.h */,
			);
			path = inc;
			sourceTree = "<group>";
		};
		007B0DC5201C89FC00E53324 /* lib */ = {
			isa = PBXGroup;
			children = (
				007B0DC6201C89FC00E53324 /* libarcsoft_fsdk_face_recognition.a */,
			);
			path = lib;
			sourceTree = "<group>";
		};
		007B0DC7201C89FC00E53324 /* arcsoft_fsdk_face_tracking */ = {
			isa = PBXGroup;
			children = (
				007B0DC8201C89FC00E53324 /* inc */,
				007B0DCA201C89FC00E53324 /* lib */,
			);
			path = arcsoft_fsdk_face_tracking;
			sourceTree = "<group>";
		};
		007B0DC8201C89FC00E53324 /* inc */ = {
			isa = PBXGroup;
			children = (
				007B0DC9201C89FC00E53324 /* arcsoft_fsdk_face_tracking.h */,
			);
			path = inc;
			sourceTree = "<group>";
		};
		007B0DCA201C89FC00E53324 /* lib */ = {
			isa = PBXGroup;
			children = (
				007B0DCB201C89FC00E53324 /* libarcsoft_fsdk_face_tracking.a */,
			);
			path = lib;
			sourceTree = "<group>";
		};
		007B0DDF201C8C0400E53324 /* coredata */ = {
			isa = PBXGroup;
			children = (
				007B0DE0201C8C3000E53324 /* FSDKFR.xcdatamodeld */,
				007B0D99201C88D900E53324 /* AFRCDManager.h */,
				007B0D96201C88D800E53324 /* AFRCDManager.m */,
			);
			path = coredata;
			sourceTree = "<group>";
		};
		007B0DE3201C8CB600E53324 /* Frameworks */ = {
			isa = PBXGroup;
			children = (
				007B0DE4201C8CB600E53324 /* libstdc++.6.tbd */,
			);
			name = Frameworks;
			sourceTree = "<group>";
		};
/* End PBXGroup section */

/* Begin PBXNativeTarget section */
		007B0D4C201C7A8700E53324 /* ArcFaceTest */ = {
			isa = PBXNativeTarget;
			buildConfigurationList = 007B0D75201C7A8700E53324 /* Build configuration list for PBXNativeTarget "ArcFaceTest" */;
			buildPhases = (
				007B0D49201C7A8700E53324 /* Sources */,
				007B0D4A201C7A8700E53324 /* Frameworks */,
				007B0D4B201C7A8700E53324 /* Resources */,
			);
			buildRules = (
			);
			dependencies = (
			);
			name = ArcFaceTest;
			productName = ArcFaceTest;
			productReference = 007B0D4D201C7A8700E53324 /* ArcFaceTest.app */;
			productType = "com.apple.product-type.application";
		};
		007B0D60201C7A8700E53324 /* ArcFaceTestTests */ = {
			isa = PBXNativeTarget;
			buildConfigurationList = 007B0D78201C7A8700E53324 /* Build configuration list for PBXNativeTarget "ArcFaceTestTests" */;
			buildPhases = (
				007B0D5D201C7A8700E53324 /* Sources */,
				007B0D5E201C7A8700E53324 /* Frameworks */,
				007B0D5F201C7A8700E53324 /* Resources */,
			);
			buildRules = (
			);
			dependencies = (
				007B0D63201C7A8700E53324 /* PBXTargetDependency */,
			);
			name = ArcFaceTestTests;
			productName = ArcFaceTestTests;
			productReference = 007B0D61201C7A8700E53324 /* ArcFaceTestTests.xctest */;
			productType = "com.apple.product-type.bundle.unit-test";
		};
		007B0D6B201C7A8700E53324 /* ArcFaceTestUITests */ = {
			isa = PBXNativeTarget;
			buildConfigurationList = 007B0D7B201C7A8700E53324 /* Build configuration list for PBXNativeTarget "ArcFaceTestUITests" */;
			buildPhases = (
				007B0D68201C7A8700E53324 /* Sources */,
				007B0D69201C7A8700E53324 /* Frameworks */,
				007B0D6A201C7A8700E53324 /* Resources */,
			);
			buildRules = (
			);
			dependencies = (
				007B0D6E201C7A8700E53324 /* PBXTargetDependency */,
			);
			name = ArcFaceTestUITests;
			productName = ArcFaceTestUITests;
			productReference = 007B0D6C201C7A8700E53324 /* ArcFaceTestUITests.xctest */;
			productType = "com.apple.product-type.bundle.ui-testing";
		};
/* End PBXNativeTarget section */

/* Begin PBXProject section */
		007B0D45201C7A8700E53324 /* Project object */ = {
			isa = PBXProject;
			attributes = {
				LastSwiftUpdateCheck = 0920;
				LastUpgradeCheck = 0920;
				ORGANIZATIONNAME = "王宇鑫";
				TargetAttributes = {
					007B0D4C201C7A8700E53324 = {
						CreatedOnToolsVersion = 9.2;
						ProvisioningStyle = Automatic;
					};
					007B0D60201C7A8700E53324 = {
						CreatedOnToolsVersion = 9.2;
						ProvisioningStyle = Automatic;
						TestTargetID = 007B0D4C201C7A8700E53324;
					};
					007B0D6B201C7A8700E53324 = {
						CreatedOnToolsVersion = 9.2;
						ProvisioningStyle = Automatic;
						TestTargetID = 007B0D4C201C7A8700E53324;
					};
				};
			};
			buildConfigurationList = 007B0D48201C7A8700E53324 /* Build configuration list for PBXProject "ArcFaceTest" */;
			compatibilityVersion = "Xcode 8.0";
			developmentRegion = en;
			hasScannedForEncodings = 0;
			knownRegions = (
				en,
				Base,
			);
			mainGroup = 007B0D44201C7A8700E53324;
			productRefGroup = 007B0D4E201C7A8700E53324 /* Products */;
			projectDirPath = "";
			projectRoot = "";
			targets = (
				007B0D4C201C7A8700E53324 /* ArcFaceTest */,
				007B0D60201C7A8700E53324 /* ArcFaceTestTests */,
				007B0D6B201C7A8700E53324 /* ArcFaceTestUITests */,
			);
		};
/* End PBXProject section */

/* Begin PBXResourcesBuildPhase section */
		007B0D4B201C7A8700E53324 /* Resources */ = {
			isa = PBXResourcesBuildPhase;
			buildActionMask = 2147483647;
			files = (
				7382F42D20274C5800084440 /* CheckingIn.storyboard in Resources */,
				7382F43220274C8100084440 /* MyStatistics.storyboard in Resources */,
				007B0D5B201C7A8700E53324 /* LaunchScreen.storyboard in Resources */,
				7382F42F20274C6E00084440 /* Me.storyboard in Resources */,
				7382F42B20274C2700084440 /* FaceRecognition.storyboard in Resources */,
				007B0D58201C7A8700E53324 /* Assets.xcassets in Resources */,
				007B0D56201C7A8700E53324 /* Main.storyboard in Resources */,
			);
			runOnlyForDeploymentPostprocessing = 0;
		};
		007B0D5F201C7A8700E53324 /* Resources */ = {
			isa = PBXResourcesBuildPhase;
			buildActionMask = 2147483647;
			files = (
			);
			runOnlyForDeploymentPostprocessing = 0;
		};
		007B0D6A201C7A8700E53324 /* Resources */ = {
			isa = PBXResourcesBuildPhase;
			buildActionMask = 2147483647;
			files = (
			);
			runOnlyForDeploymentPostprocessing = 0;
		};
/* End PBXResourcesBuildPhase section */

/* Begin PBXSourcesBuildPhase section */
		007B0D49201C7A8700E53324 /* Sources */ = {
			isa = PBXSourcesBuildPhase;
			buildActionMask = 2147483647;
			files = (
				007B0D9F201C88D900E53324 /* Utility.m in Sources */,
				735A1678203B385A00D8DD4B /* ProfileTableViewCell.swift in Sources */,
				007B0D9E201C88D900E53324 /* AFRCDManager.m in Sources */,
				007B0D9C201C88D900E53324 /* AFVideoProcessor.mm in Sources */,
				007B0D9D201C88D900E53324 /* AFCameraController.m in Sources */,
				007B0DE2201C8C3000E53324 /* FSDKFR.xcdatamodeld in Sources */,
				7318728B204E5EDC00BD59FE /* ProfileTableViewController.swift in Sources */,
				733774A42027091000FBD53E /* FaceRecognitionViewController.swift in Sources */,
				007B0D53201C7A8700E53324 /* CameraViewController.swift in Sources */,
				007B0D9A201C88D900E53324 /* AFRPerson.m in Sources */,
				007B0DAF201C895900E53324 /* GLView.mm in Sources */,
				007B0DB0201C895900E53324 /* GLProgram.m in Sources */,
				007B0D51201C7A8700E53324 /* AppDelegate.swift in Sources */,
				735A1676203B375800D8DD4B /* MyStatisticsTableViewController.swift in Sources */,
				007B0D9B201C88D900E53324 /* AFRManager.m in Sources */,
				284B7055204EE32A006A8E60 /* MeTableViewController.swift in Sources */,
			);
			runOnlyForDeploymentPostprocessing = 0;
		};
		007B0D5D201C7A8700E53324 /* Sources */ = {
			isa = PBXSourcesBuildPhase;
			buildActionMask = 2147483647;
			files = (
				007B0D66201C7A8700E53324 /* ArcFaceTestTests.swift in Sources */,
			);
			runOnlyForDeploymentPostprocessing = 0;
		};
		007B0D68201C7A8700E53324 /* Sources */ = {
			isa = PBXSourcesBuildPhase;
			buildActionMask = 2147483647;
			files = (
				007B0D71201C7A8700E53324 /* ArcFaceTestUITests.swift in Sources */,
			);
			runOnlyForDeploymentPostprocessing = 0;
		};
/* End PBXSourcesBuildPhase section */

/* Begin PBXTargetDependency section */
		007B0D63201C7A8700E53324 /* PBXTargetDependency */ = {
			isa = PBXTargetDependency;
			target = 007B0D4C201C7A8700E53324 /* ArcFaceTest */;
			targetProxy = 007B0D62201C7A8700E53324 /* PBXContainerItemProxy */;
		};
		007B0D6E201C7A8700E53324 /* PBXTargetDependency */ = {
			isa = PBXTargetDependency;
			target = 007B0D4C201C7A8700E53324 /* ArcFaceTest */;
			targetProxy = 007B0D6D201C7A8700E53324 /* PBXContainerItemProxy */;
		};
/* End PBXTargetDependency section */

/* Begin PBXVariantGroup section */
		007B0D54201C7A8700E53324 /* Main.storyboard */ = {
			isa = PBXVariantGroup;
			children = (
				007B0D55201C7A8700E53324 /* Base */,
			);
			name = Main.storyboard;
			sourceTree = "<group>";
		};
		007B0D59201C7A8700E53324 /* LaunchScreen.storyboard */ = {
			isa = PBXVariantGroup;
			children = (
				007B0D5A201C7A8700E53324 /* Base */,
			);
			name = LaunchScreen.storyboard;
			sourceTree = "<group>";
		};
		7382F43020274C8100084440 /* MyStatistics.storyboard */ = {
			isa = PBXVariantGroup;
			children = (
				7382F43120274C8100084440 /* Base */,
			);
			name = MyStatistics.storyboard;
			sourceTree = "<group>";
		};
/* End PBXVariantGroup section */

/* Begin XCBuildConfiguration section */
		007B0D73201C7A8700E53324 /* Debug */ = {
			isa = XCBuildConfiguration;
			buildSettings = {
				ALWAYS_SEARCH_USER_PATHS = NO;
				CLANG_ANALYZER_NONNULL = YES;
				CLANG_ANALYZER_NUMBER_OBJECT_CONVERSION = YES_AGGRESSIVE;
				CLANG_CXX_LANGUAGE_STANDARD = "gnu++14";
				CLANG_CXX_LIBRARY = "libc++";
				CLANG_ENABLE_MODULES = YES;
				CLANG_ENABLE_OBJC_ARC = YES;
				CLANG_WARN_BLOCK_CAPTURE_AUTORELEASING = YES;
				CLANG_WARN_BOOL_CONVERSION = YES;
				CLANG_WARN_COMMA = YES;
				CLANG_WARN_CONSTANT_CONVERSION = YES;
				CLANG_WARN_DIRECT_OBJC_ISA_USAGE = YES_ERROR;
				CLANG_WARN_DOCUMENTATION_COMMENTS = YES;
				CLANG_WARN_EMPTY_BODY = YES;
				CLANG_WARN_ENUM_CONVERSION = YES;
				CLANG_WARN_INFINITE_RECURSION = YES;
				CLANG_WARN_INT_CONVERSION = YES;
				CLANG_WARN_NON_LITERAL_NULL_CONVERSION = YES;
				CLANG_WARN_OBJC_LITERAL_CONVERSION = YES;
				CLANG_WARN_OBJC_ROOT_CLASS = YES_ERROR;
				CLANG_WARN_RANGE_LOOP_ANALYSIS = YES;
				CLANG_WARN_STRICT_PROTOTYPES = YES;
				CLANG_WARN_SUSPICIOUS_MOVE = YES;
				CLANG_WARN_UNGUARDED_AVAILABILITY = YES_AGGRESSIVE;
				CLANG_WARN_UNREACHABLE_CODE = YES;
				CLANG_WARN__DUPLICATE_METHOD_MATCH = YES;
				CODE_SIGN_IDENTITY = "iPhone Developer";
				COPY_PHASE_STRIP = NO;
				DEBUG_INFORMATION_FORMAT = dwarf;
				ENABLE_STRICT_OBJC_MSGSEND = YES;
				ENABLE_TESTABILITY = YES;
				GCC_C_LANGUAGE_STANDARD = gnu11;
				GCC_DYNAMIC_NO_PIC = NO;
				GCC_NO_COMMON_BLOCKS = YES;
				GCC_OPTIMIZATION_LEVEL = 0;
				GCC_PREPROCESSOR_DEFINITIONS = (
					"DEBUG=1",
					"$(inherited)",
				);
				GCC_WARN_64_TO_32_BIT_CONVERSION = YES;
				GCC_WARN_ABOUT_RETURN_TYPE = YES_ERROR;
				GCC_WARN_UNDECLARED_SELECTOR = YES;
				GCC_WARN_UNINITIALIZED_AUTOS = YES_AGGRESSIVE;
				GCC_WARN_UNUSED_FUNCTION = YES;
				GCC_WARN_UNUSED_VARIABLE = YES;
				IPHONEOS_DEPLOYMENT_TARGET = 11.2;
				MTL_ENABLE_DEBUG_INFO = YES;
				ONLY_ACTIVE_ARCH = YES;
				SDKROOT = iphoneos;
				SWIFT_ACTIVE_COMPILATION_CONDITIONS = DEBUG;
				SWIFT_OPTIMIZATION_LEVEL = "-Onone";
			};
			name = Debug;
		};
		007B0D74201C7A8700E53324 /* Release */ = {
			isa = XCBuildConfiguration;
			buildSettings = {
				ALWAYS_SEARCH_USER_PATHS = NO;
				CLANG_ANALYZER_NONNULL = YES;
				CLANG_ANALYZER_NUMBER_OBJECT_CONVERSION = YES_AGGRESSIVE;
				CLANG_CXX_LANGUAGE_STANDARD = "gnu++14";
				CLANG_CXX_LIBRARY = "libc++";
				CLANG_ENABLE_MODULES = YES;
				CLANG_ENABLE_OBJC_ARC = YES;
				CLANG_WARN_BLOCK_CAPTURE_AUTORELEASING = YES;
				CLANG_WARN_BOOL_CONVERSION = YES;
				CLANG_WARN_COMMA = YES;
				CLANG_WARN_CONSTANT_CONVERSION = YES;
				CLANG_WARN_DIRECT_OBJC_ISA_USAGE = YES_ERROR;
				CLANG_WARN_DOCUMENTATION_COMMENTS = YES;
				CLANG_WARN_EMPTY_BODY = YES;
				CLANG_WARN_ENUM_CONVERSION = YES;
				CLANG_WARN_INFINITE_RECURSION = YES;
				CLANG_WARN_INT_CONVERSION = YES;
				CLANG_WARN_NON_LITERAL_NULL_CONVERSION = YES;
				CLANG_WARN_OBJC_LITERAL_CONVERSION = YES;
				CLANG_WARN_OBJC_ROOT_CLASS = YES_ERROR;
				CLANG_WARN_RANGE_LOOP_ANALYSIS = YES;
				CLANG_WARN_STRICT_PROTOTYPES = YES;
				CLANG_WARN_SUSPICIOUS_MOVE = YES;
				CLANG_WARN_UNGUARDED_AVAILABILITY = YES_AGGRESSIVE;
				CLANG_WARN_UNREACHABLE_CODE = YES;
				CLANG_WARN__DUPLICATE_METHOD_MATCH = YES;
				CODE_SIGN_IDENTITY = "iPhone Developer";
				COPY_PHASE_STRIP = NO;
				DEBUG_INFORMATION_FORMAT = "dwarf-with-dsym";
				ENABLE_NS_ASSERTIONS = NO;
				ENABLE_STRICT_OBJC_MSGSEND = YES;
				GCC_C_LANGUAGE_STANDARD = gnu11;
				GCC_NO_COMMON_BLOCKS = YES;
				GCC_WARN_64_TO_32_BIT_CONVERSION = YES;
				GCC_WARN_ABOUT_RETURN_TYPE = YES_ERROR;
				GCC_WARN_UNDECLARED_SELECTOR = YES;
				GCC_WARN_UNINITIALIZED_AUTOS = YES_AGGRESSIVE;
				GCC_WARN_UNUSED_FUNCTION = YES;
				GCC_WARN_UNUSED_VARIABLE = YES;
				IPHONEOS_DEPLOYMENT_TARGET = 11.2;
				MTL_ENABLE_DEBUG_INFO = NO;
				SDKROOT = iphoneos;
				SWIFT_OPTIMIZATION_LEVEL = "-Owholemodule";
				VALIDATE_PRODUCT = YES;
			};
			name = Release;
		};
		007B0D76201C7A8700E53324 /* Debug */ = {
			isa = XCBuildConfiguration;
			buildSettings = {
				ASSETCATALOG_COMPILER_APPICON_NAME = AppIcon;
				CODE_SIGN_STYLE = Automatic;
				DEVELOPMENT_TEAM = FH55SZ3XYA;
				ENABLE_BITCODE = NO;
				INCLUDED_RECURSIVE_SEARCH_PATH_SUBDIRECTORIES = "";
				INFOPLIST_FILE = ArcFaceTest/Info.plist;
				IPHONEOS_DEPLOYMENT_TARGET = 10.3;
				LD_RUNPATH_SEARCH_PATHS = "$(inherited) @executable_path/Frameworks";
				LIBRARY_SEARCH_PATHS = (
					"$(inherited)",
					"$(PROJECT_DIR)/ArcFaceTest/Objc/engines/common/lib",
					"$(PROJECT_DIR)/ArcFaceTest/Objc/engines/arcsoft_fsdk_face_detection/lib",
					"$(PROJECT_DIR)/ArcFaceTest/Objc/engines/arcsoft_fsdk_face_recognition/lib",
					"$(PROJECT_DIR)/ArcFaceTest/Objc/engines/arcsoft_fsdk_face_tracking/lib",
				);
				PRODUCT_BUNDLE_IDENTIFIER = Innovation.ArcFaceTest;
				PRODUCT_NAME = "$(TARGET_NAME)";
				SWIFT_OBJC_BRIDGING_HEADER = "ArcFaceTest/ArcFaceTest-Bridging-Header.h";
				SWIFT_VERSION = 4.0;
				TARGETED_DEVICE_FAMILY = "1,2";
			};
			name = Debug;
		};
		007B0D77201C7A8700E53324 /* Release */ = {
			isa = XCBuildConfiguration;
			buildSettings = {
				ASSETCATALOG_COMPILER_APPICON_NAME = AppIcon;
				CODE_SIGN_STYLE = Automatic;
				DEVELOPMENT_TEAM = FH55SZ3XYA;
				ENABLE_BITCODE = NO;
				INCLUDED_RECURSIVE_SEARCH_PATH_SUBDIRECTORIES = "";
				INFOPLIST_FILE = ArcFaceTest/Info.plist;
				IPHONEOS_DEPLOYMENT_TARGET = 10.3;
				LD_RUNPATH_SEARCH_PATHS = "$(inherited) @executable_path/Frameworks";
				LIBRARY_SEARCH_PATHS = (
					"$(inherited)",
					"$(PROJECT_DIR)/ArcFaceTest/Objc/engines/common/lib",
					"$(PROJECT_DIR)/ArcFaceTest/Objc/engines/arcsoft_fsdk_face_detection/lib",
					"$(PROJECT_DIR)/ArcFaceTest/Objc/engines/arcsoft_fsdk_face_recognition/lib",
					"$(PROJECT_DIR)/ArcFaceTest/Objc/engines/arcsoft_fsdk_face_tracking/lib",
				);
				PRODUCT_BUNDLE_IDENTIFIER = Innovation.ArcFaceTest;
				PRODUCT_NAME = "$(TARGET_NAME)";
				SWIFT_OBJC_BRIDGING_HEADER = "ArcFaceTest/ArcFaceTest-Bridging-Header.h";
				SWIFT_VERSION = 4.0;
				TARGETED_DEVICE_FAMILY = "1,2";
			};
			name = Release;
		};
		007B0D79201C7A8700E53324 /* Debug */ = {
			isa = XCBuildConfiguration;
			buildSettings = {
				ALWAYS_EMBED_SWIFT_STANDARD_LIBRARIES = YES;
				BUNDLE_LOADER = "$(TEST_HOST)";
				CODE_SIGN_STYLE = Automatic;
				DEVELOPMENT_TEAM = 5VNNC4KHA4;
				INFOPLIST_FILE = ArcFaceTestTests/Info.plist;
				LD_RUNPATH_SEARCH_PATHS = "$(inherited) @executable_path/Frameworks @loader_path/Frameworks";
				PRODUCT_BUNDLE_IDENTIFIER = RailgunHamster.ArcFaceTestTests;
				PRODUCT_NAME = "$(TARGET_NAME)";
				SWIFT_VERSION = 4.0;
				TARGETED_DEVICE_FAMILY = "1,2";
				TEST_HOST = "$(BUILT_PRODUCTS_DIR)/ArcFaceTest.app/ArcFaceTest";
			};
			name = Debug;
		};
		007B0D7A201C7A8700E53324 /* Release */ = {
			isa = XCBuildConfiguration;
			buildSettings = {
				ALWAYS_EMBED_SWIFT_STANDARD_LIBRARIES = YES;
				BUNDLE_LOADER = "$(TEST_HOST)";
				CODE_SIGN_STYLE = Automatic;
				DEVELOPMENT_TEAM = 5VNNC4KHA4;
				INFOPLIST_FILE = ArcFaceTestTests/Info.plist;
				LD_RUNPATH_SEARCH_PATHS = "$(inherited) @executable_path/Frameworks @loader_path/Frameworks";
				PRODUCT_BUNDLE_IDENTIFIER = RailgunHamster.ArcFaceTestTests;
				PRODUCT_NAME = "$(TARGET_NAME)";
				SWIFT_VERSION = 4.0;
				TARGETED_DEVICE_FAMILY = "1,2";
				TEST_HOST = "$(BUILT_PRODUCTS_DIR)/ArcFaceTest.app/ArcFaceTest";
			};
			name = Release;
		};
		007B0D7C201C7A8700E53324 /* Debug */ = {
			isa = XCBuildConfiguration;
			buildSettings = {
				ALWAYS_EMBED_SWIFT_STANDARD_LIBRARIES = YES;
				CODE_SIGN_STYLE = Automatic;
				DEVELOPMENT_TEAM = 5VNNC4KHA4;
				INFOPLIST_FILE = ArcFaceTestUITests/Info.plist;
				LD_RUNPATH_SEARCH_PATHS = "$(inherited) @executable_path/Frameworks @loader_path/Frameworks";
				PRODUCT_BUNDLE_IDENTIFIER = RailgunHamster.ArcFaceTestUITests;
				PRODUCT_NAME = "$(TARGET_NAME)";
				SWIFT_VERSION = 4.0;
				TARGETED_DEVICE_FAMILY = "1,2";
				TEST_TARGET_NAME = ArcFaceTest;
			};
			name = Debug;
		};
		007B0D7D201C7A8700E53324 /* Release */ = {
			isa = XCBuildConfiguration;
			buildSettings = {
				ALWAYS_EMBED_SWIFT_STANDARD_LIBRARIES = YES;
				CODE_SIGN_STYLE = Automatic;
				DEVELOPMENT_TEAM = 5VNNC4KHA4;
				INFOPLIST_FILE = ArcFaceTestUITests/Info.plist;
				LD_RUNPATH_SEARCH_PATHS = "$(inherited) @executable_path/Frameworks @loader_path/Frameworks";
				PRODUCT_BUNDLE_IDENTIFIER = RailgunHamster.ArcFaceTestUITests;
				PRODUCT_NAME = "$(TARGET_NAME)";
				SWIFT_VERSION = 4.0;
				TARGETED_DEVICE_FAMILY = "1,2";
				TEST_TARGET_NAME = ArcFaceTest;
			};
			name = Release;
		};
/* End XCBuildConfiguration section */

/* Begin XCConfigurationList section */
		007B0D48201C7A8700E53324 /* Build configuration list for PBXProject "ArcFaceTest" */ = {
			isa = XCConfigurationList;
			buildConfigurations = (
				007B0D73201C7A8700E53324 /* Debug */,
				007B0D74201C7A8700E53324 /* Release */,
			);
			defaultConfigurationIsVisible = 0;
			defaultConfigurationName = Release;
		};
		007B0D75201C7A8700E53324 /* Build configuration list for PBXNativeTarget "ArcFaceTest" */ = {
			isa = XCConfigurationList;
			buildConfigurations = (
				007B0D76201C7A8700E53324 /* Debug */,
				007B0D77201C7A8700E53324 /* Release */,
			);
			defaultConfigurationIsVisible = 0;
			defaultConfigurationName = Release;
		};
		007B0D78201C7A8700E53324 /* Build configuration list for PBXNativeTarget "ArcFaceTestTests" */ = {
			isa = XCConfigurationList;
			buildConfigurations = (
				007B0D79201C7A8700E53324 /* Debug */,
				007B0D7A201C7A8700E53324 /* Release */,
			);
			defaultConfigurationIsVisible = 0;
			defaultConfigurationName = Release;
		};
		007B0D7B201C7A8700E53324 /* Build configuration list for PBXNativeTarget "ArcFaceTestUITests" */ = {
			isa = XCConfigurationList;
			buildConfigurations = (
				007B0D7C201C7A8700E53324 /* Debug */,
				007B0D7D201C7A8700E53324 /* Release */,
			);
			defaultConfigurationIsVisible = 0;
			defaultConfigurationName = Release;
		};
/* End XCConfigurationList section */

/* Begin XCVersionGroup section */
		007B0DE0201C8C3000E53324 /* FSDKFR.xcdatamodeld */ = {
			isa = XCVersionGroup;
			children = (
				007B0DE1201C8C3000E53324 /* FSDKFR.xcdatamodel */,
			);
			currentVersion = 007B0DE1201C8C3000E53324 /* FSDKFR.xcdatamodel */;
			path = FSDKFR.xcdatamodeld;
			sourceTree = "<group>";
			versionGroupType = wrapper.xcdatamodel;
		};
/* End XCVersionGroup section */
	};
	rootObject = 007B0D45201C7A8700E53324 /* Project object */;
}
