// !$*UTF8*$!
{
	archiveVersion = 1;
	classes = {
	};
	objectVersion = 48;
	objects = {

/* Begin PBXBuildFile section */
		004543BC20638D93006CBC8C /* Information.swift in Sources */ = {isa = PBXBuildFile; fileRef = 004543B920638D93006CBC8C /* Information.swift */; };
		004543BD20638D93006CBC8C /* InformationModel.xcdatamodeld in Sources */ = {isa = PBXBuildFile; fileRef = 004543BA20638D93006CBC8C /* InformationModel.xcdatamodeld */; };
		007B0D51201C7A8700E53324 /* AppDelegate.swift in Sources */ = {isa = PBXBuildFile; fileRef = 007B0D50201C7A8700E53324 /* AppDelegate.swift */; };
		007B0D53201C7A8700E53324 /* CameraViewController.swift in Sources */ = {isa = PBXBuildFile; fileRef = 007B0D52201C7A8700E53324 /* CameraViewController.swift */; };
		007B0D58201C7A8700E53324 /* Assets.xcassets in Resources */ = {isa = PBXBuildFile; fileRef = 007B0D57201C7A8700E53324 /* Assets.xcassets */; };
		007B0D66201C7A8700E53324 /* ArcFaceTestTests.swift in Sources */ = {isa = PBXBuildFile; fileRef = 007B0D65201C7A8700E53324 /* ArcFaceTestTests.swift */; };
		007B0D71201C7A8700E53324 /* ArcFaceTestUITests.swift in Sources */ = {isa = PBXBuildFile; fileRef = 007B0D70201C7A8700E53324 /* ArcFaceTestUITests.swift */; };
		007B0D9A201C88D900E53324 /* AFRPerson.m in Sources */ = {isa = PBXBuildFile; fileRef = 007B0D8E201C88D700E53324 /* AFRPerson.m */; };
		007B0D9B201C88D900E53324 /* AFRManager.m in Sources */ = {isa = PBXBuildFile; fileRef = 007B0D92201C88D800E53324 /* AFRManager.m */; };
		007B0D9C201C88D900E53324 /* AFVideoProcessor.mm in Sources */ = {isa = PBXBuildFile; fileRef = 007B0D93201C88D800E53324 /* AFVideoProcessor.mm */; };
		007B0D9D201C88D900E53324 /* AFCameraController.m in Sources */ = {isa = PBXBuildFile; fileRef = 007B0D95201C88D800E53324 /* AFCameraController.m */; };
		007B0D9E201C88D900E53324 /* AFRCDManager.m in Sources */ = {isa = PBXBuildFile; fileRef = 007B0D96201C88D800E53324 /* AFRCDManager.m */; };
		007B0D9F201C88D900E53324 /* Utility.m in Sources */ = {isa = PBXBuildFile; fileRef = 007B0D98201C88D900E53324 /* Utility.m */; };
		007B0DE2201C8C3000E53324 /* FSDKFR.xcdatamodeld in Sources */ = {isa = PBXBuildFile; fileRef = 007B0DE0201C8C3000E53324 /* FSDKFR.xcdatamodeld */; };
		007B0DE5201C8CB600E53324 /* libstdc++.6.tbd in Frameworks */ = {isa = PBXBuildFile; fileRef = 007B0DE4201C8CB600E53324 /* libstdc++.6.tbd */; };
		007BF89020A327EF0040AFD8 /* libarcsoft_fsdk_face_recognition.a in Frameworks */ = {isa = PBXBuildFile; fileRef = 007BF87A20A327EE0040AFD8 /* libarcsoft_fsdk_face_recognition.a */; };
		007BF89120A327EF0040AFD8 /* libarcsoft_fsdk_face_tracking.a in Frameworks */ = {isa = PBXBuildFile; fileRef = 007BF87F20A327EE0040AFD8 /* libarcsoft_fsdk_face_tracking.a */; };
		007BF89220A327EF0040AFD8 /* libmpbase.a in Frameworks */ = {isa = PBXBuildFile; fileRef = 007BF88720A327EE0040AFD8 /* libmpbase.a */; };
		007BF89320A327EF0040AFD8 /* libarcsoft_mobilecv.a in Frameworks */ = {isa = PBXBuildFile; fileRef = 007BF88820A327EE0040AFD8 /* libarcsoft_mobilecv.a */; };
		007BF89420A327EF0040AFD8 /* arcsoft_face_base.a in Frameworks */ = {isa = PBXBuildFile; fileRef = 007BF88920A327EE0040AFD8 /* arcsoft_face_base.a */; };
		007BF89520A327EF0040AFD8 /* libarcsoft_fsdk_base.a in Frameworks */ = {isa = PBXBuildFile; fileRef = 007BF88A20A327EE0040AFD8 /* libarcsoft_fsdk_base.a */; };
		007BF89620A327EF0040AFD8 /* libarcsoft_fsdk_face_detection.a in Frameworks */ = {isa = PBXBuildFile; fileRef = 007BF88F20A327EF0040AFD8 /* libarcsoft_fsdk_face_detection.a */; };
		007BF89D20A328950040AFD8 /* GLView.mm in Sources */ = {isa = PBXBuildFile; fileRef = 007BF89820A328950040AFD8 /* GLView.mm */; };
		007BF89E20A328950040AFD8 /* GLProgram.m in Sources */ = {isa = PBXBuildFile; fileRef = 007BF89920A328950040AFD8 /* GLProgram.m */; };
		007BF8A320A3397D0040AFD8 /* StaticImageViewController.mm in Sources */ = {isa = PBXBuildFile; fileRef = 007BF8A120A3397D0040AFD8 /* StaticImageViewController.mm */; };
		007BF8A520A33A660040AFD8 /* Photos.framework in Frameworks */ = {isa = PBXBuildFile; fileRef = 007BF8A420A33A650040AFD8 /* Photos.framework */; };
		008C6B8F2089A50F00F2D86E /* RegisPrepareViewController.swift in Sources */ = {isa = PBXBuildFile; fileRef = 008C6B8E2089A50F00F2D86E /* RegisPrepareViewController.swift */; };
		00E2D1ED2088C79500785093 /* Register.storyboard in Resources */ = {isa = PBXBuildFile; fileRef = 00E2D1EC2088C79500785093 /* Register.storyboard */; };
		00FACE6620738D3F0052BA27 /* InformationProvider.swift in Sources */ = {isa = PBXBuildFile; fileRef = 00FACE6520738D3F0052BA27 /* InformationProvider.swift */; };
		28000BC520B3F12D004483A4 /* Utilities.swift in Sources */ = {isa = PBXBuildFile; fileRef = 28000BC420B3F12D004483A4 /* Utilities.swift */; };
		28000BC820B3F29E004483A4 /* VirtualObject.swift in Sources */ = {isa = PBXBuildFile; fileRef = 28000BC720B3F29E004483A4 /* VirtualObject.swift */; };
		28000BCA20B3F2C1004483A4 /* VirtualObjectLoader.swift in Sources */ = {isa = PBXBuildFile; fileRef = 28000BC920B3F2C1004483A4 /* VirtualObjectLoader.swift */; };
		28000BCC20B3F546004483A4 /* Models.scnassets in Resources */ = {isa = PBXBuildFile; fileRef = 28000BCB20B3F545004483A4 /* Models.scnassets */; };
		28000BCE20B3F5DF004483A4 /* VirtualObjectInteraction.swift in Sources */ = {isa = PBXBuildFile; fileRef = 28000BCD20B3F5DF004483A4 /* VirtualObjectInteraction.swift */; };
		28000BD020B3F641004483A4 /* VirtualObjectARView.swift in Sources */ = {isa = PBXBuildFile; fileRef = 28000BCF20B3F641004483A4 /* VirtualObjectARView.swift */; };
		28000BD220B3F6AC004483A4 /* ThresholdPanGesture.swift in Sources */ = {isa = PBXBuildFile; fileRef = 28000BD120B3F6AC004483A4 /* ThresholdPanGesture.swift */; };
		28000BD520B3F757004483A4 /* LICENSE.txt in Resources */ = {isa = PBXBuildFile; fileRef = 28000BD420B3F757004483A4 /* LICENSE.txt */; };
		28000BD820B3F8DA004483A4 /* FocusSquare.swift in Sources */ = {isa = PBXBuildFile; fileRef = 28000BD720B3F8DA004483A4 /* FocusSquare.swift */; };
		28000BDA20B3F918004483A4 /* FocuSquareSegment.swift in Sources */ = {isa = PBXBuildFile; fileRef = 28000BD920B3F918004483A4 /* FocuSquareSegment.swift */; };
		28000BDD20B400F6004483A4 /* StatusViewController.swift in Sources */ = {isa = PBXBuildFile; fileRef = 28000BDC20B400F6004483A4 /* StatusViewController.swift */; };
		28000BDF20B42BC4004483A4 /* VirtualObjectSelection.swift in Sources */ = {isa = PBXBuildFile; fileRef = 28000BDE20B42BC4004483A4 /* VirtualObjectSelection.swift */; };
		28000BE120B431B4004483A4 /* ViewController+ARSCNViewDelegate.swift in Sources */ = {isa = PBXBuildFile; fileRef = 28000BE020B431B4004483A4 /* ViewController+ARSCNViewDelegate.swift */; };
		28000BE320B4341F004483A4 /* ViewController+Actions.swift in Sources */ = {isa = PBXBuildFile; fileRef = 28000BE220B4341F004483A4 /* ViewController+Actions.swift */; };
		28000BE520B434AB004483A4 /* ViewController+ObjectSelection.swift in Sources */ = {isa = PBXBuildFile; fileRef = 28000BE420B434AB004483A4 /* ViewController+ObjectSelection.swift */; };
		2814D2AC2084EF2C00D0F10A /* LoginTableViewController.swift in Sources */ = {isa = PBXBuildFile; fileRef = 2814D2AB2084EF2C00D0F10A /* LoginTableViewController.swift */; };
		284181DF207411EA002C1634 /* DevelopInfoTableViewController.swift in Sources */ = {isa = PBXBuildFile; fileRef = 284181DE207411EA002C1634 /* DevelopInfoTableViewController.swift */; };
		284181E1207411F7002C1634 /* KeyTableViewController.swift in Sources */ = {isa = PBXBuildFile; fileRef = 284181E0207411F6002C1634 /* KeyTableViewController.swift */; };
		284181E320741206002C1634 /* ScanTableViewController.swift in Sources */ = {isa = PBXBuildFile; fileRef = 284181E220741206002C1634 /* ScanTableViewController.swift */; };
		284181E52074120F002C1634 /* UserNameTableViewController.swift in Sources */ = {isa = PBXBuildFile; fileRef = 284181E42074120F002C1634 /* UserNameTableViewController.swift */; };
		284181E720753E0F002C1634 /* UserNameViewController.swift in Sources */ = {isa = PBXBuildFile; fileRef = 284181E620753E0F002C1634 /* UserNameViewController.swift */; };
		284B7055204EE32A006A8E60 /* MeTableViewController.swift in Sources */ = {isa = PBXBuildFile; fileRef = 284B7054204EE32A006A8E60 /* MeTableViewController.swift */; };
		28D114B420768279001088FC /* RegisTableViewController.swift in Sources */ = {isa = PBXBuildFile; fileRef = 28D114B320768279001088FC /* RegisTableViewController.swift */; };
		52142241204F9A080052B5A8 /* CheckinginViewController.swift in Sources */ = {isa = PBXBuildFile; fileRef = 52142240204F9A080052B5A8 /* CheckinginViewController.swift */; };
		524558F82078404E0051DB21 /* CheckinTableViewController.swift in Sources */ = {isa = PBXBuildFile; fileRef = 524558F72078404E0051DB21 /* CheckinTableViewController.swift */; };
		524558FA207841180051DB21 /* AddClassTableViewController.swift in Sources */ = {isa = PBXBuildFile; fileRef = 524558F9207841180051DB21 /* AddClassTableViewController.swift */; };
		524558FC20784C260051DB21 /* ClassTableViewController.swift in Sources */ = {isa = PBXBuildFile; fileRef = 524558FB20784C260051DB21 /* ClassTableViewController.swift */; };
		524558FE2078551D0051DB21 /* ClassMemberTableViewController.swift in Sources */ = {isa = PBXBuildFile; fileRef = 524558FD2078551D0051DB21 /* ClassMemberTableViewController.swift */; };
		52455900207855F70051DB21 /* NumberTableViewController.swift in Sources */ = {isa = PBXBuildFile; fileRef = 524558FF207855F70051DB21 /* NumberTableViewController.swift */; };
		52DF05242078AC2300AD1CCB /* ClassTableViewCell.swift in Sources */ = {isa = PBXBuildFile; fileRef = 52DF05232078AC2300AD1CCB /* ClassTableViewCell.swift */; };
		52DF05262078C32C00AD1CCB /* AddAttendanceTableViewController.swift in Sources */ = {isa = PBXBuildFile; fileRef = 52DF05252078C32C00AD1CCB /* AddAttendanceTableViewController.swift */; };
		730C314520B139BD002C0735 /* Default-568h@2x.png in Resources */ = {isa = PBXBuildFile; fileRef = 730C314420B139BD002C0735 /* Default-568h@2x.png */; };
		730C314720B13B4F002C0735 /* Main.storyboard in Resources */ = {isa = PBXBuildFile; fileRef = 730C314620B13B4F002C0735 /* Main.storyboard */; };
		730C314920B13B5F002C0735 /* LaunchScreen.storyboard in Resources */ = {isa = PBXBuildFile; fileRef = 730C314820B13B5F002C0735 /* LaunchScreen.storyboard */; };
		7318728B204E5EDC00BD59FE /* ProfileTableViewController.swift in Sources */ = {isa = PBXBuildFile; fileRef = 7318728A204E5EDC00BD59FE /* ProfileTableViewController.swift */; };
		733774A42027091000FBD53E /* FaceRecognitionViewController.swift in Sources */ = {isa = PBXBuildFile; fileRef = 733774A32027091000FBD53E /* FaceRecognitionViewController.swift */; };
		735A1676203B375800D8DD4B /* MyStatisticsTableViewController.swift in Sources */ = {isa = PBXBuildFile; fileRef = 735A1675203B375800D8DD4B /* MyStatisticsTableViewController.swift */; };
		735A1678203B385A00D8DD4B /* ProfileTableViewCell.swift in Sources */ = {isa = PBXBuildFile; fileRef = 735A1677203B385A00D8DD4B /* ProfileTableViewCell.swift */; };
		735DF68E2078996A006BB84C /* MyStatistics.storyboard in Resources */ = {isa = PBXBuildFile; fileRef = 735DF68C2078996A006BB84C /* MyStatistics.storyboard */; };
		7382F42B20274C2700084440 /* FaceRecognition.storyboard in Resources */ = {isa = PBXBuildFile; fileRef = 7382F42A20274C2700084440 /* FaceRecognition.storyboard */; };
		7382F42D20274C5800084440 /* CheckingIn.storyboard in Resources */ = {isa = PBXBuildFile; fileRef = 7382F42C20274C5800084440 /* CheckingIn.storyboard */; };
		7382F42F20274C6E00084440 /* Me.storyboard in Resources */ = {isa = PBXBuildFile; fileRef = 7382F42E20274C6E00084440 /* Me.storyboard */; };
		73CDA1AC2087ACA1004750A9 /* LogInViewController.swift in Sources */ = {isa = PBXBuildFile; fileRef = 73CDA1AB2087ACA1004750A9 /* LogInViewController.swift */; };
/* End PBXBuildFile section */

/* Begin PBXContainerItemProxy section */
		007B0D62201C7A8700E53324 /* PBXContainerItemProxy */ = {
			isa = PBXContainerItemProxy;
			containerPortal = 007B0D45201C7A8700E53324 /* Project object */;
			proxyType = 1;
			remoteGlobalIDString = 007B0D4C201C7A8700E53324;
			remoteInfo = ArcFaceTest;
		};
		007B0D6D201C7A8700E53324 /* PBXContainerItemProxy */ = {
			isa = PBXContainerItemProxy;
			containerPortal = 007B0D45201C7A8700E53324 /* Project object */;
			proxyType = 1;
			remoteGlobalIDString = 007B0D4C201C7A8700E53324;
			remoteInfo = ArcFaceTest;
		};
/* End PBXContainerItemProxy section */

/* Begin PBXFileReference section */
		004543B920638D93006CBC8C /* Information.swift */ = {isa = PBXFileReference; fileEncoding = 4; lastKnownFileType = sourcecode.swift; path = Information.swift; sourceTree = "<group>"; };
		004543BB20638D93006CBC8C /* InformationModel.xcdatamodel */ = {isa = PBXFileReference; lastKnownFileType = wrapper.xcdatamodel; path = InformationModel.xcdatamodel; sourceTree = "<group>"; };
		007B0D4D201C7A8700E53324 /* ArcFaceTest.app */ = {isa = PBXFileReference; explicitFileType = wrapper.application; includeInIndex = 0; path = ArcFaceTest.app; sourceTree = BUILT_PRODUCTS_DIR; };
		007B0D50201C7A8700E53324 /* AppDelegate.swift */ = {isa = PBXFileReference; lastKnownFileType = sourcecode.swift; path = AppDelegate.swift; sourceTree = "<group>"; };
		007B0D52201C7A8700E53324 /* CameraViewController.swift */ = {isa = PBXFileReference; lastKnownFileType = sourcecode.swift; path = CameraViewController.swift; sourceTree = "<group>"; };
		007B0D57201C7A8700E53324 /* Assets.xcassets */ = {isa = PBXFileReference; lastKnownFileType = folder.assetcatalog; path = Assets.xcassets; sourceTree = "<group>"; };
		007B0D5C201C7A8700E53324 /* Info.plist */ = {isa = PBXFileReference; lastKnownFileType = text.plist.xml; path = Info.plist; sourceTree = "<group>"; };
		007B0D61201C7A8700E53324 /* ArcFaceTestTests.xctest */ = {isa = PBXFileReference; explicitFileType = wrapper.cfbundle; includeInIndex = 0; path = ArcFaceTestTests.xctest; sourceTree = BUILT_PRODUCTS_DIR; };
		007B0D65201C7A8700E53324 /* ArcFaceTestTests.swift */ = {isa = PBXFileReference; lastKnownFileType = sourcecode.swift; path = ArcFaceTestTests.swift; sourceTree = "<group>"; };
		007B0D67201C7A8700E53324 /* Info.plist */ = {isa = PBXFileReference; lastKnownFileType = text.plist.xml; path = Info.plist; sourceTree = "<group>"; };
		007B0D6C201C7A8700E53324 /* ArcFaceTestUITests.xctest */ = {isa = PBXFileReference; explicitFileType = wrapper.cfbundle; includeInIndex = 0; path = ArcFaceTestUITests.xctest; sourceTree = BUILT_PRODUCTS_DIR; };
		007B0D70201C7A8700E53324 /* ArcFaceTestUITests.swift */ = {isa = PBXFileReference; lastKnownFileType = sourcecode.swift; path = ArcFaceTestUITests.swift; sourceTree = "<group>"; };
		007B0D72201C7A8700E53324 /* Info.plist */ = {isa = PBXFileReference; lastKnownFileType = text.plist.xml; path = Info.plist; sourceTree = "<group>"; };
		007B0D8E201C88D700E53324 /* AFRPerson.m */ = {isa = PBXFileReference; fileEncoding = 4; lastKnownFileType = sourcecode.c.objc; path = AFRPerson.m; sourceTree = "<group>"; };
		007B0D8F201C88D700E53324 /* AFCameraController.h */ = {isa = PBXFileReference; fileEncoding = 4; lastKnownFileType = sourcecode.c.h; path = AFCameraController.h; sourceTree = "<group>"; };
		007B0D90201C88D700E53324 /* AFVideoProcessor.h */ = {isa = PBXFileReference; fileEncoding = 4; lastKnownFileType = sourcecode.c.h; path = AFVideoProcessor.h; sourceTree = "<group>"; };
		007B0D91201C88D800E53324 /* AFRManager.h */ = {isa = PBXFileReference; fileEncoding = 4; lastKnownFileType = sourcecode.c.h; path = AFRManager.h; sourceTree = "<group>"; };
		007B0D92201C88D800E53324 /* AFRManager.m */ = {isa = PBXFileReference; fileEncoding = 4; lastKnownFileType = sourcecode.c.objc; path = AFRManager.m; sourceTree = "<group>"; };
		007B0D93201C88D800E53324 /* AFVideoProcessor.mm */ = {isa = PBXFileReference; fileEncoding = 4; lastKnownFileType = sourcecode.cpp.objcpp; path = AFVideoProcessor.mm; sourceTree = "<group>"; };
		007B0D94201C88D800E53324 /* Utility.h */ = {isa = PBXFileReference; fileEncoding = 4; lastKnownFileType = sourcecode.c.h; path = Utility.h; sourceTree = "<group>"; };
		007B0D95201C88D800E53324 /* AFCameraController.m */ = {isa = PBXFileReference; fileEncoding = 4; lastKnownFileType = sourcecode.c.objc; path = AFCameraController.m; sourceTree = "<group>"; };
		007B0D96201C88D800E53324 /* AFRCDManager.m */ = {isa = PBXFileReference; fileEncoding = 4; lastKnownFileType = sourcecode.c.objc; path = AFRCDManager.m; sourceTree = "<group>"; };
		007B0D97201C88D800E53324 /* AFRPerson.h */ = {isa = PBXFileReference; fileEncoding = 4; lastKnownFileType = sourcecode.c.h; path = AFRPerson.h; sourceTree = "<group>"; };
		007B0D98201C88D900E53324 /* Utility.m */ = {isa = PBXFileReference; fileEncoding = 4; lastKnownFileType = sourcecode.c.objc; path = Utility.m; sourceTree = "<group>"; };
		007B0D99201C88D900E53324 /* AFRCDManager.h */ = {isa = PBXFileReference; fileEncoding = 4; lastKnownFileType = sourcecode.c.h; path = AFRCDManager.h; sourceTree = "<group>"; };
		007B0DD3201C8A9000E53324 /* AFRCDPerson+CoreDataClass.h */ = {isa = PBXFileReference; fileEncoding = 4; lastKnownFileType = sourcecode.c.h; path = "AFRCDPerson+CoreDataClass.h"; sourceTree = "<group>"; };
		007B0DD4201C8A9100E53324 /* AFRCDPerson+CoreDataClass.m */ = {isa = PBXFileReference; fileEncoding = 4; lastKnownFileType = sourcecode.c.objc; path = "AFRCDPerson+CoreDataClass.m"; sourceTree = "<group>"; };
		007B0DD6201C8A9A00E53324 /* AFRCDVersion+CoreDataProperties.m */ = {isa = PBXFileReference; fileEncoding = 4; lastKnownFileType = sourcecode.c.objc; path = "AFRCDVersion+CoreDataProperties.m"; sourceTree = "<group>"; };
		007B0DD7201C8A9A00E53324 /* AFRCDPerson+CoreDataProperties.h */ = {isa = PBXFileReference; fileEncoding = 4; lastKnownFileType = sourcecode.c.h; path = "AFRCDPerson+CoreDataProperties.h"; sourceTree = "<group>"; };
		007B0DD8201C8A9A00E53324 /* AFRCDVersion+CoreDataClass.h */ = {isa = PBXFileReference; fileEncoding = 4; lastKnownFileType = sourcecode.c.h; path = "AFRCDVersion+CoreDataClass.h"; sourceTree = "<group>"; };
		007B0DD9201C8A9B00E53324 /* AFRCDPerson+CoreDataProperties.m */ = {isa = PBXFileReference; fileEncoding = 4; lastKnownFileType = sourcecode.c.objc; path = "AFRCDPerson+CoreDataProperties.m"; sourceTree = "<group>"; };
		007B0DDA201C8A9B00E53324 /* AFRCDVersion+CoreDataClass.m */ = {isa = PBXFileReference; fileEncoding = 4; lastKnownFileType = sourcecode.c.objc; path = "AFRCDVersion+CoreDataClass.m"; sourceTree = "<group>"; };
		007B0DDB201C8A9B00E53324 /* AFRCDVersion+CoreDataProperties.h */ = {isa = PBXFileReference; fileEncoding = 4; lastKnownFileType = sourcecode.c.h; path = "AFRCDVersion+CoreDataProperties.h"; sourceTree = "<group>"; };
		007B0DE1201C8C3000E53324 /* FSDKFR.xcdatamodel */ = {isa = PBXFileReference; lastKnownFileType = wrapper.xcdatamodel; path = FSDKFR.xcdatamodel; sourceTree = "<group>"; };
		007B0DE4201C8CB600E53324 /* libstdc++.6.tbd */ = {isa = PBXFileReference; lastKnownFileType = "sourcecode.text-based-dylib-definition"; name = "libstdc++.6.tbd"; path = "usr/lib/libstdc++.6.tbd"; sourceTree = SDKROOT; };
		007BF85E20A327CA0040AFD8 /* asvloffscreen.h */ = {isa = PBXFileReference; lastKnownFileType = sourcecode.c.h; path = asvloffscreen.h; sourceTree = "<group>"; };
		007BF85F20A327CA0040AFD8 /* amcomdef.h */ = {isa = PBXFileReference; lastKnownFileType = sourcecode.c.h; path = amcomdef.h; sourceTree = "<group>"; };
		007BF86020A327CA0040AFD8 /* ammem.h */ = {isa = PBXFileReference; lastKnownFileType = sourcecode.c.h; path = ammem.h; sourceTree = "<group>"; };
		007BF86120A327CA0040AFD8 /* merror.h */ = {isa = PBXFileReference; lastKnownFileType = sourcecode.c.h; path = merror.h; sourceTree = "<group>"; };
		007BF86320A327CA0040AFD8 /* libmpbase.a */ = {isa = PBXFileReference; lastKnownFileType = archive.ar; path = libmpbase.a; sourceTree = "<group>"; };
		007BF86420A327CA0040AFD8 /* libarcsoft_mobilecv.a */ = {isa = PBXFileReference; lastKnownFileType = archive.ar; path = libarcsoft_mobilecv.a; sourceTree = "<group>"; };
		007BF86520A327CA0040AFD8 /* arcsoft_face_base.a */ = {isa = PBXFileReference; lastKnownFileType = archive.ar; path = arcsoft_face_base.a; sourceTree = "<group>"; };
		007BF86620A327CA0040AFD8 /* libarcsoft_fsdk_base.a */ = {isa = PBXFileReference; lastKnownFileType = archive.ar; path = libarcsoft_fsdk_base.a; sourceTree = "<group>"; };
		007BF86920A327CA0040AFD8 /* arcsoft_fsdk_face_detection.h */ = {isa = PBXFileReference; lastKnownFileType = sourcecode.c.h; path = arcsoft_fsdk_face_detection.h; sourceTree = "<group>"; };
		007BF86B20A327CA0040AFD8 /* libarcsoft_fsdk_face_detection.a */ = {isa = PBXFileReference; lastKnownFileType = archive.ar; path = libarcsoft_fsdk_face_detection.a; sourceTree = "<group>"; };
		007BF86E20A327CA0040AFD8 /* arcsoft_fsdk_face_recognition.h */ = {isa = PBXFileReference; lastKnownFileType = sourcecode.c.h; path = arcsoft_fsdk_face_recognition.h; sourceTree = "<group>"; };
		007BF87020A327CA0040AFD8 /* libarcsoft_fsdk_face_recognition.a */ = {isa = PBXFileReference; lastKnownFileType = archive.ar; path = libarcsoft_fsdk_face_recognition.a; sourceTree = "<group>"; };
		007BF87320A327CA0040AFD8 /* arcsoft_fsdk_face_tracking.h */ = {isa = PBXFileReference; lastKnownFileType = sourcecode.c.h; path = arcsoft_fsdk_face_tracking.h; sourceTree = "<group>"; };
		007BF87520A327CA0040AFD8 /* libarcsoft_fsdk_face_tracking.a */ = {isa = PBXFileReference; lastKnownFileType = archive.ar; path = libarcsoft_fsdk_face_tracking.a; sourceTree = "<group>"; };
		007BF87820A327EE0040AFD8 /* arcsoft_fsdk_face_recognition.h */ = {isa = PBXFileReference; fileEncoding = 4; lastKnownFileType = sourcecode.c.h; path = arcsoft_fsdk_face_recognition.h; sourceTree = "<group>"; };
		007BF87A20A327EE0040AFD8 /* libarcsoft_fsdk_face_recognition.a */ = {isa = PBXFileReference; lastKnownFileType = archive.ar; path = libarcsoft_fsdk_face_recognition.a; sourceTree = "<group>"; };
		007BF87D20A327EE0040AFD8 /* arcsoft_fsdk_face_tracking.h */ = {isa = PBXFileReference; fileEncoding = 4; lastKnownFileType = sourcecode.c.h; path = arcsoft_fsdk_face_tracking.h; sourceTree = "<group>"; };
		007BF87F20A327EE0040AFD8 /* libarcsoft_fsdk_face_tracking.a */ = {isa = PBXFileReference; lastKnownFileType = archive.ar; path = libarcsoft_fsdk_face_tracking.a; sourceTree = "<group>"; };
		007BF88220A327EE0040AFD8 /* asvloffscreen.h */ = {isa = PBXFileReference; fileEncoding = 4; lastKnownFileType = sourcecode.c.h; path = asvloffscreen.h; sourceTree = "<group>"; };
		007BF88320A327EE0040AFD8 /* amcomdef.h */ = {isa = PBXFileReference; fileEncoding = 4; lastKnownFileType = sourcecode.c.h; path = amcomdef.h; sourceTree = "<group>"; };
		007BF88420A327EE0040AFD8 /* ammem.h */ = {isa = PBXFileReference; fileEncoding = 4; lastKnownFileType = sourcecode.c.h; path = ammem.h; sourceTree = "<group>"; };
		007BF88520A327EE0040AFD8 /* merror.h */ = {isa = PBXFileReference; fileEncoding = 4; lastKnownFileType = sourcecode.c.h; path = merror.h; sourceTree = "<group>"; };
		007BF88720A327EE0040AFD8 /* libmpbase.a */ = {isa = PBXFileReference; lastKnownFileType = archive.ar; path = libmpbase.a; sourceTree = "<group>"; };
		007BF88820A327EE0040AFD8 /* libarcsoft_mobilecv.a */ = {isa = PBXFileReference; lastKnownFileType = archive.ar; path = libarcsoft_mobilecv.a; sourceTree = "<group>"; };
		007BF88920A327EE0040AFD8 /* arcsoft_face_base.a */ = {isa = PBXFileReference; lastKnownFileType = archive.ar; path = arcsoft_face_base.a; sourceTree = "<group>"; };
		007BF88A20A327EE0040AFD8 /* libarcsoft_fsdk_base.a */ = {isa = PBXFileReference; lastKnownFileType = archive.ar; path = libarcsoft_fsdk_base.a; sourceTree = "<group>"; };
		007BF88D20A327EF0040AFD8 /* arcsoft_fsdk_face_detection.h */ = {isa = PBXFileReference; fileEncoding = 4; lastKnownFileType = sourcecode.c.h; path = arcsoft_fsdk_face_detection.h; sourceTree = "<group>"; };
		007BF88F20A327EF0040AFD8 /* libarcsoft_fsdk_face_detection.a */ = {isa = PBXFileReference; lastKnownFileType = archive.ar; path = libarcsoft_fsdk_face_detection.a; sourceTree = "<group>"; };
		007BF89820A328950040AFD8 /* GLView.mm */ = {isa = PBXFileReference; fileEncoding = 4; lastKnownFileType = sourcecode.cpp.objcpp; path = GLView.mm; sourceTree = "<group>"; };
		007BF89920A328950040AFD8 /* GLProgram.m */ = {isa = PBXFileReference; fileEncoding = 4; lastKnownFileType = sourcecode.c.objc; path = GLProgram.m; sourceTree = "<group>"; };
		007BF89A20A328950040AFD8 /* GLView.h */ = {isa = PBXFileReference; fileEncoding = 4; lastKnownFileType = sourcecode.c.h; path = GLView.h; sourceTree = "<group>"; };
		007BF89B20A328950040AFD8 /* GLShader.h */ = {isa = PBXFileReference; fileEncoding = 4; lastKnownFileType = sourcecode.c.h; path = GLShader.h; sourceTree = "<group>"; };
		007BF89C20A328950040AFD8 /* GLProgram.h */ = {isa = PBXFileReference; fileEncoding = 4; lastKnownFileType = sourcecode.c.h; path = GLProgram.h; sourceTree = "<group>"; };
		007BF8A120A3397D0040AFD8 /* StaticImageViewController.mm */ = {isa = PBXFileReference; fileEncoding = 4; lastKnownFileType = sourcecode.cpp.objcpp; path = StaticImageViewController.mm; sourceTree = "<group>"; };
		007BF8A220A3397D0040AFD8 /* StaticImageViewController.h */ = {isa = PBXFileReference; fileEncoding = 4; lastKnownFileType = sourcecode.c.h; path = StaticImageViewController.h; sourceTree = "<group>"; };
		007BF8A420A33A650040AFD8 /* Photos.framework */ = {isa = PBXFileReference; lastKnownFileType = wrapper.framework; name = Photos.framework; path = System/Library/Frameworks/Photos.framework; sourceTree = SDKROOT; };
		008C6B8E2089A50F00F2D86E /* RegisPrepareViewController.swift */ = {isa = PBXFileReference; lastKnownFileType = sourcecode.swift; name = RegisPrepareViewController.swift; path = ArcFaceTest/Regis/RegisPrepareViewController.swift; sourceTree = SOURCE_ROOT; };
		00E2D1EC2088C79500785093 /* Register.storyboard */ = {isa = PBXFileReference; lastKnownFileType = file.storyboard; path = Register.storyboard; sourceTree = "<group>"; };
		00FACE6520738D3F0052BA27 /* InformationProvider.swift */ = {isa = PBXFileReference; lastKnownFileType = sourcecode.swift; path = InformationProvider.swift; sourceTree = "<group>"; };
		28000BC420B3F12D004483A4 /* Utilities.swift */ = {isa = PBXFileReference; lastKnownFileType = sourcecode.swift; path = Utilities.swift; sourceTree = "<group>"; };
		28000BC720B3F29E004483A4 /* VirtualObject.swift */ = {isa = PBXFileReference; lastKnownFileType = sourcecode.swift; path = VirtualObject.swift; sourceTree = "<group>"; };
		28000BC920B3F2C1004483A4 /* VirtualObjectLoader.swift */ = {isa = PBXFileReference; lastKnownFileType = sourcecode.swift; path = VirtualObjectLoader.swift; sourceTree = "<group>"; };
		28000BCB20B3F545004483A4 /* Models.scnassets */ = {isa = PBXFileReference; lastKnownFileType = wrapper.scnassets; path = Models.scnassets; sourceTree = "<group>"; };
		28000BCD20B3F5DF004483A4 /* VirtualObjectInteraction.swift */ = {isa = PBXFileReference; lastKnownFileType = sourcecode.swift; path = VirtualObjectInteraction.swift; sourceTree = "<group>"; };
		28000BCF20B3F641004483A4 /* VirtualObjectARView.swift */ = {isa = PBXFileReference; lastKnownFileType = sourcecode.swift; path = VirtualObjectARView.swift; sourceTree = "<group>"; };
		28000BD120B3F6AC004483A4 /* ThresholdPanGesture.swift */ = {isa = PBXFileReference; lastKnownFileType = sourcecode.swift; path = ThresholdPanGesture.swift; sourceTree = "<group>"; };
		28000BD420B3F757004483A4 /* LICENSE.txt */ = {isa = PBXFileReference; fileEncoding = 4; lastKnownFileType = text; path = LICENSE.txt; sourceTree = "<group>"; };
		28000BD720B3F8DA004483A4 /* FocusSquare.swift */ = {isa = PBXFileReference; lastKnownFileType = sourcecode.swift; path = FocusSquare.swift; sourceTree = "<group>"; };
		28000BD920B3F918004483A4 /* FocuSquareSegment.swift */ = {isa = PBXFileReference; lastKnownFileType = sourcecode.swift; path = FocuSquareSegment.swift; sourceTree = "<group>"; };
		28000BDC20B400F6004483A4 /* StatusViewController.swift */ = {isa = PBXFileReference; lastKnownFileType = sourcecode.swift; path = StatusViewController.swift; sourceTree = "<group>"; };
		28000BDE20B42BC4004483A4 /* VirtualObjectSelection.swift */ = {isa = PBXFileReference; lastKnownFileType = sourcecode.swift; path = VirtualObjectSelection.swift; sourceTree = "<group>"; };
		28000BE020B431B4004483A4 /* ViewController+ARSCNViewDelegate.swift */ = {isa = PBXFileReference; lastKnownFileType = sourcecode.swift; path = "ViewController+ARSCNViewDelegate.swift"; sourceTree = "<group>"; };
		28000BE220B4341F004483A4 /* ViewController+Actions.swift */ = {isa = PBXFileReference; lastKnownFileType = sourcecode.swift; path = "ViewController+Actions.swift"; sourceTree = "<group>"; };
		28000BE420B434AB004483A4 /* ViewController+ObjectSelection.swift */ = {isa = PBXFileReference; lastKnownFileType = sourcecode.swift; path = "ViewController+ObjectSelection.swift"; sourceTree = "<group>"; };
		2814D2AB2084EF2C00D0F10A /* LoginTableViewController.swift */ = {isa = PBXFileReference; lastKnownFileType = sourcecode.swift; path = LoginTableViewController.swift; sourceTree = "<group>"; };
		284181DE207411EA002C1634 /* DevelopInfoTableViewController.swift */ = {isa = PBXFileReference; fileEncoding = 4; lastKnownFileType = sourcecode.swift; path = DevelopInfoTableViewController.swift; sourceTree = "<group>"; };
		284181E0207411F6002C1634 /* KeyTableViewController.swift */ = {isa = PBXFileReference; fileEncoding = 4; lastKnownFileType = sourcecode.swift; path = KeyTableViewController.swift; sourceTree = "<group>"; };
		284181E220741206002C1634 /* ScanTableViewController.swift */ = {isa = PBXFileReference; fileEncoding = 4; lastKnownFileType = sourcecode.swift; path = ScanTableViewController.swift; sourceTree = "<group>"; };
		284181E42074120F002C1634 /* UserNameTableViewController.swift */ = {isa = PBXFileReference; fileEncoding = 4; lastKnownFileType = sourcecode.swift; path = UserNameTableViewController.swift; sourceTree = "<group>"; };
		284181E620753E0F002C1634 /* UserNameViewController.swift */ = {isa = PBXFileReference; lastKnownFileType = sourcecode.swift; path = UserNameViewController.swift; sourceTree = "<group>"; };
		284B7054204EE32A006A8E60 /* MeTableViewController.swift */ = {isa = PBXFileReference; lastKnownFileType = sourcecode.swift; path = MeTableViewController.swift; sourceTree = "<group>"; };
		28D114B320768279001088FC /* RegisTableViewController.swift */ = {isa = PBXFileReference; lastKnownFileType = sourcecode.swift; path = RegisTableViewController.swift; sourceTree = "<group>"; };
		52142240204F9A080052B5A8 /* CheckinginViewController.swift */ = {isa = PBXFileReference; lastKnownFileType = sourcecode.swift; path = CheckinginViewController.swift; sourceTree = "<group>"; };
		524558F72078404E0051DB21 /* CheckinTableViewController.swift */ = {isa = PBXFileReference; lastKnownFileType = sourcecode.swift; path = CheckinTableViewController.swift; sourceTree = "<group>"; };
		524558F9207841180051DB21 /* AddClassTableViewController.swift */ = {isa = PBXFileReference; lastKnownFileType = sourcecode.swift; path = AddClassTableViewController.swift; sourceTree = "<group>"; };
		524558FB20784C260051DB21 /* ClassTableViewController.swift */ = {isa = PBXFileReference; lastKnownFileType = sourcecode.swift; path = ClassTableViewController.swift; sourceTree = "<group>"; };
		524558FD2078551D0051DB21 /* ClassMemberTableViewController.swift */ = {isa = PBXFileReference; lastKnownFileType = sourcecode.swift; path = ClassMemberTableViewController.swift; sourceTree = "<group>"; };
		524558FF207855F70051DB21 /* NumberTableViewController.swift */ = {isa = PBXFileReference; lastKnownFileType = sourcecode.swift; path = NumberTableViewController.swift; sourceTree = "<group>"; };
		52DF05232078AC2300AD1CCB /* ClassTableViewCell.swift */ = {isa = PBXFileReference; lastKnownFileType = sourcecode.swift; path = ClassTableViewCell.swift; sourceTree = "<group>"; };
		52DF05252078C32C00AD1CCB /* AddAttendanceTableViewController.swift */ = {isa = PBXFileReference; lastKnownFileType = sourcecode.swift; path = AddAttendanceTableViewController.swift; sourceTree = "<group>"; };
		730C314420B139BD002C0735 /* Default-568h@2x.png */ = {isa = PBXFileReference; lastKnownFileType = image.png; path = "Default-568h@2x.png"; sourceTree = "<group>"; };
		730C314620B13B4F002C0735 /* Main.storyboard */ = {isa = PBXFileReference; fileEncoding = 4; lastKnownFileType = file.storyboard; path = Main.storyboard; sourceTree = "<group>"; };
		730C314820B13B5F002C0735 /* LaunchScreen.storyboard */ = {isa = PBXFileReference; fileEncoding = 4; lastKnownFileType = file.storyboard; path = LaunchScreen.storyboard; sourceTree = "<group>"; };
		730C314A20B13C67002C0735 /* ArcFaceTest-Bridging-Header.h */ = {isa = PBXFileReference; lastKnownFileType = sourcecode.c.h; path = "ArcFaceTest-Bridging-Header.h"; sourceTree = "<group>"; };
		7318728A204E5EDC00BD59FE /* ProfileTableViewController.swift */ = {isa = PBXFileReference; lastKnownFileType = sourcecode.swift; path = ProfileTableViewController.swift; sourceTree = "<group>"; };
		733774A32027091000FBD53E /* FaceRecognitionViewController.swift */ = {isa = PBXFileReference; lastKnownFileType = sourcecode.swift; path = FaceRecognitionViewController.swift; sourceTree = "<group>"; };
		735A1675203B375800D8DD4B /* MyStatisticsTableViewController.swift */ = {isa = PBXFileReference; lastKnownFileType = sourcecode.swift; path = MyStatisticsTableViewController.swift; sourceTree = "<group>"; };
		735A1677203B385A00D8DD4B /* ProfileTableViewCell.swift */ = {isa = PBXFileReference; lastKnownFileType = sourcecode.swift; path = ProfileTableViewCell.swift; sourceTree = "<group>"; };
		735DF68D2078996A006BB84C /* Base */ = {isa = PBXFileReference; lastKnownFileType = file.storyboard; name = Base; path = Base.lproj/MyStatistics.storyboard; sourceTree = "<group>"; };
		7382F42A20274C2700084440 /* FaceRecognition.storyboard */ = {isa = PBXFileReference; fileEncoding = 4; lastKnownFileType = file.storyboard; path = FaceRecognition.storyboard; sourceTree = "<group>"; };
		7382F42C20274C5800084440 /* CheckingIn.storyboard */ = {isa = PBXFileReference; fileEncoding = 4; lastKnownFileType = file.storyboard; path = CheckingIn.storyboard; sourceTree = "<group>"; };
		7382F42E20274C6E00084440 /* Me.storyboard */ = {isa = PBXFileReference; fileEncoding = 4; lastKnownFileType = file.storyboard; path = Me.storyboard; sourceTree = "<group>"; };
		73CDA1AB2087ACA1004750A9 /* LogInViewController.swift */ = {isa = PBXFileReference; lastKnownFileType = sourcecode.swift; path = LogInViewController.swift; sourceTree = "<group>"; };
/* End PBXFileReference section */

/* Begin PBXFrameworksBuildPhase section */
		007B0D4A201C7A8700E53324 /* Frameworks */ = {
			isa = PBXFrameworksBuildPhase;
			buildActionMask = 2147483647;
			files = (
				007BF8A520A33A660040AFD8 /* Photos.framework in Frameworks */,
				007BF89420A327EF0040AFD8 /* arcsoft_face_base.a in Frameworks */,
				007BF89320A327EF0040AFD8 /* libarcsoft_mobilecv.a in Frameworks */,
				007BF89520A327EF0040AFD8 /* libarcsoft_fsdk_base.a in Frameworks */,
				007B0DE5201C8CB600E53324 /* libstdc++.6.tbd in Frameworks */,
				007BF89220A327EF0040AFD8 /* libmpbase.a in Frameworks */,
				007BF89020A327EF0040AFD8 /* libarcsoft_fsdk_face_recognition.a in Frameworks */,
				007BF89620A327EF0040AFD8 /* libarcsoft_fsdk_face_detection.a in Frameworks */,
				007BF89120A327EF0040AFD8 /* libarcsoft_fsdk_face_tracking.a in Frameworks */,
			);
			runOnlyForDeploymentPostprocessing = 0;
		};
		007B0D5E201C7A8700E53324 /* Frameworks */ = {
			isa = PBXFrameworksBuildPhase;
			buildActionMask = 2147483647;
			files = (
			);
			runOnlyForDeploymentPostprocessing = 0;
		};
		007B0D69201C7A8700E53324 /* Frameworks */ = {
			isa = PBXFrameworksBuildPhase;
			buildActionMask = 2147483647;
			files = (
			);
			runOnlyForDeploymentPostprocessing = 0;
		};
/* End PBXFrameworksBuildPhase section */

/* Begin PBXGroup section */
		007B0D44201C7A8700E53324 = {
			isa = PBXGroup;
			children = (
				730C314420B139BD002C0735 /* Default-568h@2x.png */,
				007B0D4F201C7A8700E53324 /* ArcFaceTest */,
				007B0D64201C7A8700E53324 /* ArcFaceTestTests */,
				007B0D6F201C7A8700E53324 /* ArcFaceTestUITests */,
				007B0D4E201C7A8700E53324 /* Products */,
				28000BD320B3F722004483A4 /* License */,
				007B0DE3201C8CB600E53324 /* Frameworks */,
			);
			sourceTree = "<group>";
		};
		007B0D4E201C7A8700E53324 /* Products */ = {
			isa = PBXGroup;
			children = (
				007B0D4D201C7A8700E53324 /* ArcFaceTest.app */,
				007B0D61201C7A8700E53324 /* ArcFaceTestTests.xctest */,
				007B0D6C201C7A8700E53324 /* ArcFaceTestUITests.xctest */,
			);
			name = Products;
			sourceTree = "<group>";
		};
		007B0D4F201C7A8700E53324 /* ArcFaceTest */ = {
			isa = PBXGroup;
			children = (
				730C314A20B13C67002C0735 /* ArcFaceTest-Bridging-Header.h */,
				730C314620B13B4F002C0735 /* Main.storyboard */,
				28000BC320B3F10E004483A4 /* ArKit */,
				5202B23920B025CF007BBDDA /* Checkin */,
				007B0D82201C826F00E53324 /* Objc */,
				730C313620AEA6AF002C0735 /* MyStatistics */,
				281C6D9D20AEC3C9006A5B33 /* Me */,
				281C6D9F20AECB2D006A5B33 /* Login */,
				281C6D9E20AECAB0006A5B33 /* Regis */,
				007D951F20A1D9F0008B9592 /* FaceRecognition */,
				007D952020A1DA3D008B9592 /* Information */,
				730C314320B13975002C0735 /* Supporting files */,
			);
			path = ArcFaceTest;
			sourceTree = "<group>";
		};
		007B0D64201C7A8700E53324 /* ArcFaceTestTests */ = {
			isa = PBXGroup;
			children = (
				007B0D65201C7A8700E53324 /* ArcFaceTestTests.swift */,
				007B0D67201C7A8700E53324 /* Info.plist */,
			);
			path = ArcFaceTestTests;
			sourceTree = "<group>";
		};
		007B0D6F201C7A8700E53324 /* ArcFaceTestUITests */ = {
			isa = PBXGroup;
			children = (
				007B0D70201C7A8700E53324 /* ArcFaceTestUITests.swift */,
				007B0D72201C7A8700E53324 /* Info.plist */,
			);
			path = ArcFaceTestUITests;
			sourceTree = "<group>";
		};
		007B0D82201C826F00E53324 /* Objc */ = {
			isa = PBXGroup;
			children = (
				007B0DD7201C8A9A00E53324 /* AFRCDPerson+CoreDataProperties.h */,
				007B0DD9201C8A9B00E53324 /* AFRCDPerson+CoreDataProperties.m */,
				007B0DD8201C8A9A00E53324 /* AFRCDVersion+CoreDataClass.h */,
				007B0DDA201C8A9B00E53324 /* AFRCDVersion+CoreDataClass.m */,
				007B0DDB201C8A9B00E53324 /* AFRCDVersion+CoreDataProperties.h */,
				007B0DD6201C8A9A00E53324 /* AFRCDVersion+CoreDataProperties.m */,
				007B0DD3201C8A9000E53324 /* AFRCDPerson+CoreDataClass.h */,
				007B0DD4201C8A9100E53324 /* AFRCDPerson+CoreDataClass.m */,
				007BF89720A328950040AFD8 /* render */,
				007B0DDF201C8C0400E53324 /* coredata */,
				007B0DB1201C89FC00E53324 /* engines */,
				007B0D8F201C88D700E53324 /* AFCameraController.h */,
				007B0D95201C88D800E53324 /* AFCameraController.m */,
				007B0D91201C88D800E53324 /* AFRManager.h */,
				007B0D92201C88D800E53324 /* AFRManager.m */,
				007B0D97201C88D800E53324 /* AFRPerson.h */,
				007B0D8E201C88D700E53324 /* AFRPerson.m */,
				007B0D90201C88D700E53324 /* AFVideoProcessor.h */,
				007B0D93201C88D800E53324 /* AFVideoProcessor.mm */,
				007BF8A220A3397D0040AFD8 /* StaticImageViewController.h */,
				007BF8A120A3397D0040AFD8 /* StaticImageViewController.mm */,
				007B0D94201C88D800E53324 /* Utility.h */,
				007B0D98201C88D900E53324 /* Utility.m */,
			);
			path = Objc;
			sourceTree = "<group>";
		};
		007B0DB1201C89FC00E53324 /* engines */ = {
			isa = PBXGroup;
			children = (
				007BF88B20A327EF0040AFD8 /* arcsoft_fsdk_face_detection */,
				007BF87620A327EE0040AFD8 /* arcsoft_fsdk_face_recognition */,
				007BF87B20A327EE0040AFD8 /* arcsoft_fsdk_face_tracking */,
				007BF88020A327EE0040AFD8 /* common */,
			);
			path = engines;
			sourceTree = "<group>";
		};
		007B0DDF201C8C0400E53324 /* coredata */ = {
			isa = PBXGroup;
			children = (
				007B0DE0201C8C3000E53324 /* FSDKFR.xcdatamodeld */,
				007B0D99201C88D900E53324 /* AFRCDManager.h */,
				007B0D96201C88D800E53324 /* AFRCDManager.m */,
			);
			path = coredata;
			sourceTree = "<group>";
		};
		007B0DE3201C8CB600E53324 /* Frameworks */ = {
			isa = PBXGroup;
			children = (
				007BF8A420A33A650040AFD8 /* Photos.framework */,
				007BF85B20A327CA0040AFD8 /* engines */,
				007B0DE4201C8CB600E53324 /* libstdc++.6.tbd */,
			);
			name = Frameworks;
			sourceTree = "<group>";
		};
		007BF85B20A327CA0040AFD8 /* engines */ = {
			isa = PBXGroup;
			children = (
				007BF85C20A327CA0040AFD8 /* common */,
				007BF86720A327CA0040AFD8 /* arcsoft_fsdk_face_detection */,
				007BF86C20A327CA0040AFD8 /* arcsoft_fsdk_face_recognition */,
				007BF87120A327CA0040AFD8 /* arcsoft_fsdk_face_tracking */,
			);
			name = engines;
			path = ArcFaceTest/Objc/engines;
			sourceTree = "<group>";
		};
		007BF85C20A327CA0040AFD8 /* common */ = {
			isa = PBXGroup;
			children = (
				007BF85D20A327CA0040AFD8 /* inc */,
				007BF86220A327CA0040AFD8 /* lib */,
			);
			path = common;
			sourceTree = "<group>";
		};
		007BF85D20A327CA0040AFD8 /* inc */ = {
			isa = PBXGroup;
			children = (
				007BF85E20A327CA0040AFD8 /* asvloffscreen.h */,
				007BF85F20A327CA0040AFD8 /* amcomdef.h */,
				007BF86020A327CA0040AFD8 /* ammem.h */,
				007BF86120A327CA0040AFD8 /* merror.h */,
			);
			path = inc;
			sourceTree = "<group>";
		};
		007BF86220A327CA0040AFD8 /* lib */ = {
			isa = PBXGroup;
			children = (
				007BF86320A327CA0040AFD8 /* libmpbase.a */,
				007BF86420A327CA0040AFD8 /* libarcsoft_mobilecv.a */,
				007BF86520A327CA0040AFD8 /* arcsoft_face_base.a */,
				007BF86620A327CA0040AFD8 /* libarcsoft_fsdk_base.a */,
			);
			path = lib;
			sourceTree = "<group>";
		};
		007BF86720A327CA0040AFD8 /* arcsoft_fsdk_face_detection */ = {
			isa = PBXGroup;
			children = (
				007BF86820A327CA0040AFD8 /* inc */,
				007BF86A20A327CA0040AFD8 /* lib */,
			);
			path = arcsoft_fsdk_face_detection;
			sourceTree = "<group>";
		};
		007BF86820A327CA0040AFD8 /* inc */ = {
			isa = PBXGroup;
			children = (
				007BF86920A327CA0040AFD8 /* arcsoft_fsdk_face_detection.h */,
			);
			path = inc;
			sourceTree = "<group>";
		};
		007BF86A20A327CA0040AFD8 /* lib */ = {
			isa = PBXGroup;
			children = (
				007BF86B20A327CA0040AFD8 /* libarcsoft_fsdk_face_detection.a */,
			);
			path = lib;
			sourceTree = "<group>";
		};
		007BF86C20A327CA0040AFD8 /* arcsoft_fsdk_face_recognition */ = {
			isa = PBXGroup;
			children = (
				007BF86D20A327CA0040AFD8 /* inc */,
				007BF86F20A327CA0040AFD8 /* lib */,
			);
			path = arcsoft_fsdk_face_recognition;
			sourceTree = "<group>";
		};
		007BF86D20A327CA0040AFD8 /* inc */ = {
			isa = PBXGroup;
			children = (
				007BF86E20A327CA0040AFD8 /* arcsoft_fsdk_face_recognition.h */,
			);
			path = inc;
			sourceTree = "<group>";
		};
		007BF86F20A327CA0040AFD8 /* lib */ = {
			isa = PBXGroup;
			children = (
				007BF87020A327CA0040AFD8 /* libarcsoft_fsdk_face_recognition.a */,
			);
			path = lib;
			sourceTree = "<group>";
		};
		007BF87120A327CA0040AFD8 /* arcsoft_fsdk_face_tracking */ = {
			isa = PBXGroup;
			children = (
				007BF87220A327CA0040AFD8 /* inc */,
				007BF87420A327CA0040AFD8 /* lib */,
			);
			path = arcsoft_fsdk_face_tracking;
			sourceTree = "<group>";
		};
		007BF87220A327CA0040AFD8 /* inc */ = {
			isa = PBXGroup;
			children = (
				007BF87320A327CA0040AFD8 /* arcsoft_fsdk_face_tracking.h */,
			);
			path = inc;
			sourceTree = "<group>";
		};
		007BF87420A327CA0040AFD8 /* lib */ = {
			isa = PBXGroup;
			children = (
				007BF87520A327CA0040AFD8 /* libarcsoft_fsdk_face_tracking.a */,
			);
			path = lib;
			sourceTree = "<group>";
		};
		007BF87620A327EE0040AFD8 /* arcsoft_fsdk_face_recognition */ = {
			isa = PBXGroup;
			children = (
				007BF87720A327EE0040AFD8 /* inc */,
				007BF87920A327EE0040AFD8 /* lib */,
			);
			path = arcsoft_fsdk_face_recognition;
			sourceTree = "<group>";
		};
		007BF87720A327EE0040AFD8 /* inc */ = {
			isa = PBXGroup;
			children = (
				007BF87820A327EE0040AFD8 /* arcsoft_fsdk_face_recognition.h */,
			);
			path = inc;
			sourceTree = "<group>";
		};
		007BF87920A327EE0040AFD8 /* lib */ = {
			isa = PBXGroup;
			children = (
				007BF87A20A327EE0040AFD8 /* libarcsoft_fsdk_face_recognition.a */,
			);
			path = lib;
			sourceTree = "<group>";
		};
		007BF87B20A327EE0040AFD8 /* arcsoft_fsdk_face_tracking */ = {
			isa = PBXGroup;
			children = (
				007BF87C20A327EE0040AFD8 /* inc */,
				007BF87E20A327EE0040AFD8 /* lib */,
			);
			path = arcsoft_fsdk_face_tracking;
			sourceTree = "<group>";
		};
		007BF87C20A327EE0040AFD8 /* inc */ = {
			isa = PBXGroup;
			children = (
				007BF87D20A327EE0040AFD8 /* arcsoft_fsdk_face_tracking.h */,
			);
			path = inc;
			sourceTree = "<group>";
		};
		007BF87E20A327EE0040AFD8 /* lib */ = {
			isa = PBXGroup;
			children = (
				007BF87F20A327EE0040AFD8 /* libarcsoft_fsdk_face_tracking.a */,
			);
			path = lib;
			sourceTree = "<group>";
		};
		007BF88020A327EE0040AFD8 /* common */ = {
			isa = PBXGroup;
			children = (
				007BF88120A327EE0040AFD8 /* inc */,
				007BF88620A327EE0040AFD8 /* lib */,
			);
			path = common;
			sourceTree = "<group>";
		};
		007BF88120A327EE0040AFD8 /* inc */ = {
			isa = PBXGroup;
			children = (
				007BF88220A327EE0040AFD8 /* asvloffscreen.h */,
				007BF88320A327EE0040AFD8 /* amcomdef.h */,
				007BF88420A327EE0040AFD8 /* ammem.h */,
				007BF88520A327EE0040AFD8 /* merror.h */,
			);
			path = inc;
			sourceTree = "<group>";
		};
		007BF88620A327EE0040AFD8 /* lib */ = {
			isa = PBXGroup;
			children = (
				007BF88720A327EE0040AFD8 /* libmpbase.a */,
				007BF88820A327EE0040AFD8 /* libarcsoft_mobilecv.a */,
				007BF88920A327EE0040AFD8 /* arcsoft_face_base.a */,
				007BF88A20A327EE0040AFD8 /* libarcsoft_fsdk_base.a */,
			);
			path = lib;
			sourceTree = "<group>";
		};
		007BF88B20A327EF0040AFD8 /* arcsoft_fsdk_face_detection */ = {
			isa = PBXGroup;
			children = (
				007BF88C20A327EF0040AFD8 /* inc */,
				007BF88E20A327EF0040AFD8 /* lib */,
			);
			path = arcsoft_fsdk_face_detection;
			sourceTree = "<group>";
		};
		007BF88C20A327EF0040AFD8 /* inc */ = {
			isa = PBXGroup;
			children = (
				007BF88D20A327EF0040AFD8 /* arcsoft_fsdk_face_detection.h */,
			);
			path = inc;
			sourceTree = "<group>";
		};
		007BF88E20A327EF0040AFD8 /* lib */ = {
			isa = PBXGroup;
			children = (
				007BF88F20A327EF0040AFD8 /* libarcsoft_fsdk_face_detection.a */,
			);
			path = lib;
			sourceTree = "<group>";
		};
		007BF89720A328950040AFD8 /* render */ = {
			isa = PBXGroup;
			children = (
				007BF89820A328950040AFD8 /* GLView.mm */,
				007BF89920A328950040AFD8 /* GLProgram.m */,
				007BF89A20A328950040AFD8 /* GLView.h */,
				007BF89B20A328950040AFD8 /* GLShader.h */,
				007BF89C20A328950040AFD8 /* GLProgram.h */,
			);
			path = render;
			sourceTree = "<group>";
		};
		007D951F20A1D9F0008B9592 /* FaceRecognition */ = {
			isa = PBXGroup;
			children = (
				7382F42A20274C2700084440 /* FaceRecognition.storyboard */,
				733774A32027091000FBD53E /* FaceRecognitionViewController.swift */,
				007B0D52201C7A8700E53324 /* CameraViewController.swift */,
			);
			path = FaceRecognition;
			sourceTree = "<group>";
		};
		007D952020A1DA3D008B9592 /* Information */ = {
			isa = PBXGroup;
			children = (
				004543B920638D93006CBC8C /* Information.swift */,
				00FACE6520738D3F0052BA27 /* InformationProvider.swift */,
				004543BA20638D93006CBC8C /* InformationModel.xcdatamodeld */,
			);
			path = Information;
			sourceTree = "<group>";
		};
		28000BC320B3F10E004483A4 /* ArKit */ = {
			isa = PBXGroup;
			children = (
				28000BDB20B400BB004483A4 /* Additional View Controller */,
				28000BD620B3F8BB004483A4 /* Focus Square */,
				28000BC620B3F268004483A4 /* Virtual Objects */,
				28000BC420B3F12D004483A4 /* Utilities.swift */,
				28000BCD20B3F5DF004483A4 /* VirtualObjectInteraction.swift */,
				28000BCF20B3F641004483A4 /* VirtualObjectARView.swift */,
				28000BD120B3F6AC004483A4 /* ThresholdPanGesture.swift */,
				28000BE020B431B4004483A4 /* ViewController+ARSCNViewDelegate.swift */,
				28000BE220B4341F004483A4 /* ViewController+Actions.swift */,
				28000BE420B434AB004483A4 /* ViewController+ObjectSelection.swift */,
			);
			path = ArKit;
			sourceTree = "<group>";
		};
		28000BC620B3F268004483A4 /* Virtual Objects */ = {
			isa = PBXGroup;
			children = (
				28000BC720B3F29E004483A4 /* VirtualObject.swift */,
				28000BC920B3F2C1004483A4 /* VirtualObjectLoader.swift */,
			);
			path = "Virtual Objects";
			sourceTree = "<group>";
		};
		28000BD320B3F722004483A4 /* License */ = {
			isa = PBXGroup;
			children = (
				28000BD420B3F757004483A4 /* LICENSE.txt */,
			);
			path = License;
			sourceTree = "<group>";
		};
		28000BD620B3F8BB004483A4 /* Focus Square */ = {
			isa = PBXGroup;
			children = (
				28000BD720B3F8DA004483A4 /* FocusSquare.swift */,
				28000BD920B3F918004483A4 /* FocuSquareSegment.swift */,
			);
			path = "Focus Square";
			sourceTree = "<group>";
		};
		28000BDB20B400BB004483A4 /* Additional View Controller */ = {
			isa = PBXGroup;
			children = (
				28000BDC20B400F6004483A4 /* StatusViewController.swift */,
				28000BDE20B42BC4004483A4 /* VirtualObjectSelection.swift */,
			);
			path = "Additional View Controller";
			sourceTree = "<group>";
		};
		281C6D9D20AEC3C9006A5B33 /* Me */ = {
			isa = PBXGroup;
			children = (
				7382F42E20274C6E00084440 /* Me.storyboard */,
				284181E220741206002C1634 /* ScanTableViewController.swift */,
				284181E0207411F6002C1634 /* KeyTableViewController.swift */,
				284B7054204EE32A006A8E60 /* MeTableViewController.swift */,
				284181DE207411EA002C1634 /* DevelopInfoTableViewController.swift */,
				284181E620753E0F002C1634 /* UserNameViewController.swift */,
				284181E42074120F002C1634 /* UserNameTableViewController.swift */,
			);
			path = Me;
			sourceTree = "<group>";
		};
		281C6D9E20AECAB0006A5B33 /* Regis */ = {
			isa = PBXGroup;
			children = (
				00E2D1EC2088C79500785093 /* Register.storyboard */,
				008C6B8E2089A50F00F2D86E /* RegisPrepareViewController.swift */,
				28D114B320768279001088FC /* RegisTableViewController.swift */,
			);
			path = Regis;
			sourceTree = "<group>";
		};
		281C6D9F20AECB2D006A5B33 /* Login */ = {
			isa = PBXGroup;
			children = (
				73CDA1AB2087ACA1004750A9 /* LogInViewController.swift */,
				2814D2AB2084EF2C00D0F10A /* LoginTableViewController.swift */,
			);
			path = Login;
			sourceTree = "<group>";
		};
		5202B23920B025CF007BBDDA /* Checkin */ = {
			isa = PBXGroup;
			children = (
				7382F42C20274C5800084440 /* CheckingIn.storyboard */,
				524558F72078404E0051DB21 /* CheckinTableViewController.swift */,
				52DF05232078AC2300AD1CCB /* ClassTableViewCell.swift */,
				52DF05252078C32C00AD1CCB /* AddAttendanceTableViewController.swift */,
				524558F9207841180051DB21 /* AddClassTableViewController.swift */,
				524558FB20784C260051DB21 /* ClassTableViewController.swift */,
				524558FF207855F70051DB21 /* NumberTableViewController.swift */,
				52142240204F9A080052B5A8 /* CheckinginViewController.swift */,
				524558FD2078551D0051DB21 /* ClassMemberTableViewController.swift */,
			);
			path = Checkin;
			sourceTree = "<group>";
		};
		730C313620AEA6AF002C0735 /* MyStatistics */ = {
			isa = PBXGroup;
			children = (
				7318728A204E5EDC00BD59FE /* ProfileTableViewController.swift */,
				735DF68C2078996A006BB84C /* MyStatistics.storyboard */,
				735A1675203B375800D8DD4B /* MyStatisticsTableViewController.swift */,
				735A1677203B385A00D8DD4B /* ProfileTableViewCell.swift */,
			);
			path = MyStatistics;
			sourceTree = "<group>";
		};
		730C314320B13975002C0735 /* Supporting files */ = {
			isa = PBXGroup;
			children = (
				28000BCB20B3F545004483A4 /* Models.scnassets */,
				007B0D5C201C7A8700E53324 /* Info.plist */,
				730C314820B13B5F002C0735 /* LaunchScreen.storyboard */,
				007B0D57201C7A8700E53324 /* Assets.xcassets */,
				007B0D50201C7A8700E53324 /* AppDelegate.swift */,
			);
			path = "Supporting files";
			sourceTree = "<group>";
		};
/* End PBXGroup section */

/* Begin PBXNativeTarget section */
		007B0D4C201C7A8700E53324 /* ArcFaceTest */ = {
			isa = PBXNativeTarget;
			buildConfigurationList = 007B0D75201C7A8700E53324 /* Build configuration list for PBXNativeTarget "ArcFaceTest" */;
			buildPhases = (
				007B0D49201C7A8700E53324 /* Sources */,
				007B0D4A201C7A8700E53324 /* Frameworks */,
				007B0D4B201C7A8700E53324 /* Resources */,
			);
			buildRules = (
			);
			dependencies = (
			);
			name = ArcFaceTest;
			productName = ArcFaceTest;
			productReference = 007B0D4D201C7A8700E53324 /* ArcFaceTest.app */;
			productType = "com.apple.product-type.application";
		};
		007B0D60201C7A8700E53324 /* ArcFaceTestTests */ = {
			isa = PBXNativeTarget;
			buildConfigurationList = 007B0D78201C7A8700E53324 /* Build configuration list for PBXNativeTarget "ArcFaceTestTests" */;
			buildPhases = (
				007B0D5D201C7A8700E53324 /* Sources */,
				007B0D5E201C7A8700E53324 /* Frameworks */,
				007B0D5F201C7A8700E53324 /* Resources */,
			);
			buildRules = (
			);
			dependencies = (
				007B0D63201C7A8700E53324 /* PBXTargetDependency */,
			);
			name = ArcFaceTestTests;
			productName = ArcFaceTestTests;
			productReference = 007B0D61201C7A8700E53324 /* ArcFaceTestTests.xctest */;
			productType = "com.apple.product-type.bundle.unit-test";
		};
		007B0D6B201C7A8700E53324 /* ArcFaceTestUITests */ = {
			isa = PBXNativeTarget;
			buildConfigurationList = 007B0D7B201C7A8700E53324 /* Build configuration list for PBXNativeTarget "ArcFaceTestUITests" */;
			buildPhases = (
				007B0D68201C7A8700E53324 /* Sources */,
				007B0D69201C7A8700E53324 /* Frameworks */,
				007B0D6A201C7A8700E53324 /* Resources */,
			);
			buildRules = (
			);
			dependencies = (
				007B0D6E201C7A8700E53324 /* PBXTargetDependency */,
			);
			name = ArcFaceTestUITests;
			productName = ArcFaceTestUITests;
			productReference = 007B0D6C201C7A8700E53324 /* ArcFaceTestUITests.xctest */;
			productType = "com.apple.product-type.bundle.ui-testing";
		};
/* End PBXNativeTarget section */

/* Begin PBXProject section */
		007B0D45201C7A8700E53324 /* Project object */ = {
			isa = PBXProject;
			attributes = {
				LastSwiftUpdateCheck = 0920;
				LastUpgradeCheck = 0930;
				ORGANIZATIONNAME = "王宇鑫";
				TargetAttributes = {
					007B0D4C201C7A8700E53324 = {
						CreatedOnToolsVersion = 9.2;
						ProvisioningStyle = Automatic;
					};
					007B0D60201C7A8700E53324 = {
						CreatedOnToolsVersion = 9.2;
						ProvisioningStyle = Automatic;
						TestTargetID = 007B0D4C201C7A8700E53324;
					};
					007B0D6B201C7A8700E53324 = {
						CreatedOnToolsVersion = 9.2;
						ProvisioningStyle = Automatic;
						TestTargetID = 007B0D4C201C7A8700E53324;
					};
				};
			};
			buildConfigurationList = 007B0D48201C7A8700E53324 /* Build configuration list for PBXProject "ArcFaceTest" */;
			compatibilityVersion = "Xcode 8.0";
			developmentRegion = en;
			hasScannedForEncodings = 0;
			knownRegions = (
				en,
				Base,
			);
			mainGroup = 007B0D44201C7A8700E53324;
			productRefGroup = 007B0D4E201C7A8700E53324 /* Products */;
			projectDirPath = "";
			projectRoot = "";
			targets = (
				007B0D4C201C7A8700E53324 /* ArcFaceTest */,
				007B0D60201C7A8700E53324 /* ArcFaceTestTests */,
				007B0D6B201C7A8700E53324 /* ArcFaceTestUITests */,
			);
		};
/* End PBXProject section */

/* Begin PBXResourcesBuildPhase section */
		007B0D4B201C7A8700E53324 /* Resources */ = {
			isa = PBXResourcesBuildPhase;
			buildActionMask = 2147483647;
			files = (
				28000BD520B3F757004483A4 /* LICENSE.txt in Resources */,
				7382F42D20274C5800084440 /* CheckingIn.storyboard in Resources */,
				730C314720B13B4F002C0735 /* Main.storyboard in Resources */,
				735DF68E2078996A006BB84C /* MyStatistics.storyboard in Resources */,
				28000BCC20B3F546004483A4 /* Models.scnassets in Resources */,
				730C314920B13B5F002C0735 /* LaunchScreen.storyboard in Resources */,
				730C314520B139BD002C0735 /* Default-568h@2x.png in Resources */,
				7382F42F20274C6E00084440 /* Me.storyboard in Resources */,
				7382F42B20274C2700084440 /* FaceRecognition.storyboard in Resources */,
				007B0D58201C7A8700E53324 /* Assets.xcassets in Resources */,
				00E2D1ED2088C79500785093 /* Register.storyboard in Resources */,
			);
			runOnlyForDeploymentPostprocessing = 0;
		};
		007B0D5F201C7A8700E53324 /* Resources */ = {
			isa = PBXResourcesBuildPhase;
			buildActionMask = 2147483647;
			files = (
			);
			runOnlyForDeploymentPostprocessing = 0;
		};
		007B0D6A201C7A8700E53324 /* Resources */ = {
			isa = PBXResourcesBuildPhase;
			buildActionMask = 2147483647;
			files = (
			);
			runOnlyForDeploymentPostprocessing = 0;
		};
/* End PBXResourcesBuildPhase section */

/* Begin PBXSourcesBuildPhase section */
		007B0D49201C7A8700E53324 /* Sources */ = {
			isa = PBXSourcesBuildPhase;
			buildActionMask = 2147483647;
			files = (
				28000BD020B3F641004483A4 /* VirtualObjectARView.swift in Sources */,
				004543BC20638D93006CBC8C /* Information.swift in Sources */,
				007B0D9F201C88D900E53324 /* Utility.m in Sources */,
				008C6B8F2089A50F00F2D86E /* RegisPrepareViewController.swift in Sources */,
				735A1678203B385A00D8DD4B /* ProfileTableViewCell.swift in Sources */,
				73CDA1AC2087ACA1004750A9 /* LogInViewController.swift in Sources */,
				28000BC820B3F29E004483A4 /* VirtualObject.swift in Sources */,
				007BF89E20A328950040AFD8 /* GLProgram.m in Sources */,
				007B0D9E201C88D900E53324 /* AFRCDManager.m in Sources */,
				284181DF207411EA002C1634 /* DevelopInfoTableViewController.swift in Sources */,
				007B0D9C201C88D900E53324 /* AFVideoProcessor.mm in Sources */,
				28000BE320B4341F004483A4 /* ViewController+Actions.swift in Sources */,
				28D114B420768279001088FC /* RegisTableViewController.swift in Sources */,
				007B0D9D201C88D900E53324 /* AFCameraController.m in Sources */,
				004543BD20638D93006CBC8C /* InformationModel.xcdatamodeld in Sources */,
				28000BDA20B3F918004483A4 /* FocuSquareSegment.swift in Sources */,
				284181E320741206002C1634 /* ScanTableViewController.swift in Sources */,
				524558FA207841180051DB21 /* AddClassTableViewController.swift in Sources */,
				524558FC20784C260051DB21 /* ClassTableViewController.swift in Sources */,
				28000BDD20B400F6004483A4 /* StatusViewController.swift in Sources */,
				52DF05262078C32C00AD1CCB /* AddAttendanceTableViewController.swift in Sources */,
				28000BCA20B3F2C1004483A4 /* VirtualObjectLoader.swift in Sources */,
				52DF05242078AC2300AD1CCB /* ClassTableViewCell.swift in Sources */,
				284181E52074120F002C1634 /* UserNameTableViewController.swift in Sources */,
				28000BD820B3F8DA004483A4 /* FocusSquare.swift in Sources */,
				28000BE120B431B4004483A4 /* ViewController+ARSCNViewDelegate.swift in Sources */,
				007B0DE2201C8C3000E53324 /* FSDKFR.xcdatamodeld in Sources */,
				284181E1207411F7002C1634 /* KeyTableViewController.swift in Sources */,
				28000BE520B434AB004483A4 /* ViewController+ObjectSelection.swift in Sources */,
				7318728B204E5EDC00BD59FE /* ProfileTableViewController.swift in Sources */,
				00FACE6620738D3F0052BA27 /* InformationProvider.swift in Sources */,
				007BF89D20A328950040AFD8 /* GLView.mm in Sources */,
				284181E720753E0F002C1634 /* UserNameViewController.swift in Sources */,
				733774A42027091000FBD53E /* FaceRecognitionViewController.swift in Sources */,
				524558F82078404E0051DB21 /* CheckinTableViewController.swift in Sources */,
				007B0D53201C7A8700E53324 /* CameraViewController.swift in Sources */,
				007B0D9A201C88D900E53324 /* AFRPerson.m in Sources */,
				52142241204F9A080052B5A8 /* CheckinginViewController.swift in Sources */,
				28000BDF20B42BC4004483A4 /* VirtualObjectSelection.swift in Sources */,
				007B0D51201C7A8700E53324 /* AppDelegate.swift in Sources */,
				524558FE2078551D0051DB21 /* ClassMemberTableViewController.swift in Sources */,
				52455900207855F70051DB21 /* NumberTableViewController.swift in Sources */,
				28000BC520B3F12D004483A4 /* Utilities.swift in Sources */,
				007BF8A320A3397D0040AFD8 /* StaticImageViewController.mm in Sources */,
				735A1676203B375800D8DD4B /* MyStatisticsTableViewController.swift in Sources */,
				2814D2AC2084EF2C00D0F10A /* LoginTableViewController.swift in Sources */,
				28000BD220B3F6AC004483A4 /* ThresholdPanGesture.swift in Sources */,
				007B0D9B201C88D900E53324 /* AFRManager.m in Sources */,
				28000BCE20B3F5DF004483A4 /* VirtualObjectInteraction.swift in Sources */,
				284B7055204EE32A006A8E60 /* MeTableViewController.swift in Sources */,
			);
			runOnlyForDeploymentPostprocessing = 0;
		};
		007B0D5D201C7A8700E53324 /* Sources */ = {
			isa = PBXSourcesBuildPhase;
			buildActionMask = 2147483647;
			files = (
				007B0D66201C7A8700E53324 /* ArcFaceTestTests.swift in Sources */,
			);
			runOnlyForDeploymentPostprocessing = 0;
		};
		007B0D68201C7A8700E53324 /* Sources */ = {
			isa = PBXSourcesBuildPhase;
			buildActionMask = 2147483647;
			files = (
				007B0D71201C7A8700E53324 /* ArcFaceTestUITests.swift in Sources */,
			);
			runOnlyForDeploymentPostprocessing = 0;
		};
/* End PBXSourcesBuildPhase section */

/* Begin PBXTargetDependency section */
		007B0D63201C7A8700E53324 /* PBXTargetDependency */ = {
			isa = PBXTargetDependency;
			target = 007B0D4C201C7A8700E53324 /* ArcFaceTest */;
			targetProxy = 007B0D62201C7A8700E53324 /* PBXContainerItemProxy */;
		};
		007B0D6E201C7A8700E53324 /* PBXTargetDependency */ = {
			isa = PBXTargetDependency;
			target = 007B0D4C201C7A8700E53324 /* ArcFaceTest */;
			targetProxy = 007B0D6D201C7A8700E53324 /* PBXContainerItemProxy */;
		};
/* End PBXTargetDependency section */

/* Begin PBXVariantGroup section */
		735DF68C2078996A006BB84C /* MyStatistics.storyboard */ = {
			isa = PBXVariantGroup;
			children = (
				735DF68D2078996A006BB84C /* Base */,
			);
			name = MyStatistics.storyboard;
			sourceTree = "<group>";
		};
/* End PBXVariantGroup section */

/* Begin XCBuildConfiguration section */
		007B0D73201C7A8700E53324 /* Debug */ = {
			isa = XCBuildConfiguration;
			buildSettings = {
				ALWAYS_SEARCH_USER_PATHS = NO;
				CLANG_ANALYZER_NONNULL = YES;
				CLANG_ANALYZER_NUMBER_OBJECT_CONVERSION = YES_AGGRESSIVE;
				CLANG_CXX_LANGUAGE_STANDARD = "gnu++14";
				CLANG_CXX_LIBRARY = "libc++";
				CLANG_ENABLE_MODULES = YES;
				CLANG_ENABLE_OBJC_ARC = YES;
				CLANG_WARN_BLOCK_CAPTURE_AUTORELEASING = YES;
				CLANG_WARN_BOOL_CONVERSION = YES;
				CLANG_WARN_COMMA = YES;
				CLANG_WARN_CONSTANT_CONVERSION = YES;
				CLANG_WARN_DEPRECATED_OBJC_IMPLEMENTATIONS = YES;
				CLANG_WARN_DIRECT_OBJC_ISA_USAGE = YES_ERROR;
				CLANG_WARN_DOCUMENTATION_COMMENTS = YES;
				CLANG_WARN_EMPTY_BODY = YES;
				CLANG_WARN_ENUM_CONVERSION = YES;
				CLANG_WARN_INFINITE_RECURSION = YES;
				CLANG_WARN_INT_CONVERSION = YES;
				CLANG_WARN_NON_LITERAL_NULL_CONVERSION = YES;
				CLANG_WARN_OBJC_IMPLICIT_RETAIN_SELF = YES;
				CLANG_WARN_OBJC_LITERAL_CONVERSION = YES;
				CLANG_WARN_OBJC_ROOT_CLASS = YES_ERROR;
				CLANG_WARN_RANGE_LOOP_ANALYSIS = YES;
				CLANG_WARN_STRICT_PROTOTYPES = YES;
				CLANG_WARN_SUSPICIOUS_MOVE = YES;
				CLANG_WARN_UNGUARDED_AVAILABILITY = YES_AGGRESSIVE;
				CLANG_WARN_UNREACHABLE_CODE = YES;
				CLANG_WARN__DUPLICATE_METHOD_MATCH = YES;
				CODE_SIGN_IDENTITY = "iPhone Developer";
				COPY_PHASE_STRIP = NO;
				DEBUG_INFORMATION_FORMAT = dwarf;
				ENABLE_STRICT_OBJC_MSGSEND = YES;
				ENABLE_TESTABILITY = YES;
				GCC_C_LANGUAGE_STANDARD = gnu11;
				GCC_DYNAMIC_NO_PIC = NO;
				GCC_NO_COMMON_BLOCKS = YES;
				GCC_OPTIMIZATION_LEVEL = 0;
				GCC_PREPROCESSOR_DEFINITIONS = (
					"DEBUG=1",
					"$(inherited)",
				);
				GCC_WARN_64_TO_32_BIT_CONVERSION = YES;
				GCC_WARN_ABOUT_RETURN_TYPE = YES_ERROR;
				GCC_WARN_UNDECLARED_SELECTOR = YES;
				GCC_WARN_UNINITIALIZED_AUTOS = YES_AGGRESSIVE;
				GCC_WARN_UNUSED_FUNCTION = YES;
				GCC_WARN_UNUSED_VARIABLE = YES;
				IPHONEOS_DEPLOYMENT_TARGET = 11.2;
				MTL_ENABLE_DEBUG_INFO = YES;
				ONLY_ACTIVE_ARCH = YES;
				SDKROOT = iphoneos;
				SWIFT_ACTIVE_COMPILATION_CONDITIONS = DEBUG;
				SWIFT_OPTIMIZATION_LEVEL = "-Onone";
			};
			name = Debug;
		};
		007B0D74201C7A8700E53324 /* Release */ = {
			isa = XCBuildConfiguration;
			buildSettings = {
				ALWAYS_SEARCH_USER_PATHS = NO;
				CLANG_ANALYZER_NONNULL = YES;
				CLANG_ANALYZER_NUMBER_OBJECT_CONVERSION = YES_AGGRESSIVE;
				CLANG_CXX_LANGUAGE_STANDARD = "gnu++14";
				CLANG_CXX_LIBRARY = "libc++";
				CLANG_ENABLE_MODULES = YES;
				CLANG_ENABLE_OBJC_ARC = YES;
				CLANG_WARN_BLOCK_CAPTURE_AUTORELEASING = YES;
				CLANG_WARN_BOOL_CONVERSION = YES;
				CLANG_WARN_COMMA = YES;
				CLANG_WARN_CONSTANT_CONVERSION = YES;
				CLANG_WARN_DEPRECATED_OBJC_IMPLEMENTATIONS = YES;
				CLANG_WARN_DIRECT_OBJC_ISA_USAGE = YES_ERROR;
				CLANG_WARN_DOCUMENTATION_COMMENTS = YES;
				CLANG_WARN_EMPTY_BODY = YES;
				CLANG_WARN_ENUM_CONVERSION = YES;
				CLANG_WARN_INFINITE_RECURSION = YES;
				CLANG_WARN_INT_CONVERSION = YES;
				CLANG_WARN_NON_LITERAL_NULL_CONVERSION = YES;
				CLANG_WARN_OBJC_IMPLICIT_RETAIN_SELF = YES;
				CLANG_WARN_OBJC_LITERAL_CONVERSION = YES;
				CLANG_WARN_OBJC_ROOT_CLASS = YES_ERROR;
				CLANG_WARN_RANGE_LOOP_ANALYSIS = YES;
				CLANG_WARN_STRICT_PROTOTYPES = YES;
				CLANG_WARN_SUSPICIOUS_MOVE = YES;
				CLANG_WARN_UNGUARDED_AVAILABILITY = YES_AGGRESSIVE;
				CLANG_WARN_UNREACHABLE_CODE = YES;
				CLANG_WARN__DUPLICATE_METHOD_MATCH = YES;
				CODE_SIGN_IDENTITY = "iPhone Developer";
				COPY_PHASE_STRIP = NO;
				DEBUG_INFORMATION_FORMAT = "dwarf-with-dsym";
				ENABLE_NS_ASSERTIONS = NO;
				ENABLE_STRICT_OBJC_MSGSEND = YES;
				GCC_C_LANGUAGE_STANDARD = gnu11;
				GCC_NO_COMMON_BLOCKS = YES;
				GCC_WARN_64_TO_32_BIT_CONVERSION = YES;
				GCC_WARN_ABOUT_RETURN_TYPE = YES_ERROR;
				GCC_WARN_UNDECLARED_SELECTOR = YES;
				GCC_WARN_UNINITIALIZED_AUTOS = YES_AGGRESSIVE;
				GCC_WARN_UNUSED_FUNCTION = YES;
				GCC_WARN_UNUSED_VARIABLE = YES;
				IPHONEOS_DEPLOYMENT_TARGET = 11.2;
				MTL_ENABLE_DEBUG_INFO = NO;
				SDKROOT = iphoneos;
				SWIFT_OPTIMIZATION_LEVEL = "-Owholemodule";
				VALIDATE_PRODUCT = YES;
			};
			name = Release;
		};
		007B0D76201C7A8700E53324 /* Debug */ = {
			isa = XCBuildConfiguration;
			buildSettings = {
				ASSETCATALOG_COMPILER_APPICON_NAME = AppIcon;
				CODE_SIGN_IDENTITY = "iPhone Developer";
				"CODE_SIGN_IDENTITY[sdk=iphoneos*]" = "iPhone Developer";
				CODE_SIGN_STYLE = Automatic;
				DEVELOPMENT_TEAM = FH55SZ3XYA;
				ENABLE_BITCODE = NO;
				FRAMEWORK_SEARCH_PATHS = (
					"$(inherited)",
					"$(PROJECT_DIR)/ArcFaceTest/Objc/engines/**",
				);
				INCLUDED_RECURSIVE_SEARCH_PATH_SUBDIRECTORIES = "";
				INFOPLIST_FILE = "$(SRCROOT)/ArcFaceTest/Supporting files/Info.plist";
				IPHONEOS_DEPLOYMENT_TARGET = 11.3;
				LD_RUNPATH_SEARCH_PATHS = "$(inherited) @executable_path/Frameworks";
				LIBRARY_SEARCH_PATHS = (
					"$(inherited)",
					"$(PROJECT_DIR)/ArcFaceTest/Objc/engines/arcsoft_fsdk_face_recognition/lib",
					"$(PROJECT_DIR)/ArcFaceTest/Objc/engines/arcsoft_fsdk_face_tracking/lib",
					"$(PROJECT_DIR)/ArcFaceTest/Objc/engines/common/lib",
					"$(PROJECT_DIR)/ArcFaceTest/Objc/engines/arcsoft_fsdk_face_detection/lib",
				);
				PRODUCT_BUNDLE_IDENTIFIER = Innovation.ArcFaceTest;
				PRODUCT_NAME = "$(TARGET_NAME)";
				PROVISIONING_PROFILE_SPECIFIER = "";
				SWIFT_OBJC_BRIDGING_HEADER = "ArcFaceTest/ArcFaceTest-Bridging-Header.h";
				SWIFT_VERSION = 4.0;
				TARGETED_DEVICE_FAMILY = "1,2";
			};
			name = Debug;
		};
		007B0D77201C7A8700E53324 /* Release */ = {
			isa = XCBuildConfiguration;
			buildSettings = {
				ASSETCATALOG_COMPILER_APPICON_NAME = AppIcon;
				CODE_SIGN_IDENTITY = "iPhone Developer";
				"CODE_SIGN_IDENTITY[sdk=iphoneos*]" = "iPhone Developer";
				CODE_SIGN_STYLE = Automatic;
				DEVELOPMENT_TEAM = FH55SZ3XYA;
				ENABLE_BITCODE = NO;
				FRAMEWORK_SEARCH_PATHS = (
					"$(inherited)",
					"$(PROJECT_DIR)/ArcFaceTest/Objc/engines/**",
				);
				INCLUDED_RECURSIVE_SEARCH_PATH_SUBDIRECTORIES = "";
				INFOPLIST_FILE = "$(SRCROOT)/ArcFaceTest/Supporting files/Info.plist";
				IPHONEOS_DEPLOYMENT_TARGET = 11.3;
				LD_RUNPATH_SEARCH_PATHS = "$(inherited) @executable_path/Frameworks";
				LIBRARY_SEARCH_PATHS = (
					"$(inherited)",
					"$(PROJECT_DIR)/ArcFaceTest/Objc/engines/arcsoft_fsdk_face_recognition/lib",
					"$(PROJECT_DIR)/ArcFaceTest/Objc/engines/arcsoft_fsdk_face_tracking/lib",
					"$(PROJECT_DIR)/ArcFaceTest/Objc/engines/common/lib",
					"$(PROJECT_DIR)/ArcFaceTest/Objc/engines/arcsoft_fsdk_face_detection/lib",
				);
				PRODUCT_BUNDLE_IDENTIFIER = Innovation.ArcFaceTest;
				PRODUCT_NAME = "$(TARGET_NAME)";
				PROVISIONING_PROFILE_SPECIFIER = "";
				SWIFT_OBJC_BRIDGING_HEADER = "ArcFaceTest/ArcFaceTest-Bridging-Header.h";
				SWIFT_VERSION = 4.0;
				TARGETED_DEVICE_FAMILY = "1,2";
			};
			name = Release;
		};
		007B0D79201C7A8700E53324 /* Debug */ = {
			isa = XCBuildConfiguration;
			buildSettings = {
				ALWAYS_EMBED_SWIFT_STANDARD_LIBRARIES = YES;
				BUNDLE_LOADER = "$(TEST_HOST)";
				CODE_SIGN_STYLE = Automatic;
				DEVELOPMENT_TEAM = 5VNNC4KHA4;
				INFOPLIST_FILE = ArcFaceTestTests/Info.plist;
				LD_RUNPATH_SEARCH_PATHS = "$(inherited) @executable_path/Frameworks @loader_path/Frameworks";
				PRODUCT_BUNDLE_IDENTIFIER = RailgunHamster.ArcFaceTestTests;
				PRODUCT_NAME = "$(TARGET_NAME)";
				SWIFT_VERSION = 4.0;
				TARGETED_DEVICE_FAMILY = "1,2";
				TEST_HOST = "$(BUILT_PRODUCTS_DIR)/ArcFaceTest.app/ArcFaceTest";
			};
			name = Debug;
		};
		007B0D7A201C7A8700E53324 /* Release */ = {
			isa = XCBuildConfiguration;
			buildSettings = {
				ALWAYS_EMBED_SWIFT_STANDARD_LIBRARIES = YES;
				BUNDLE_LOADER = "$(TEST_HOST)";
				CODE_SIGN_STYLE = Automatic;
				DEVELOPMENT_TEAM = 5VNNC4KHA4;
				INFOPLIST_FILE = ArcFaceTestTests/Info.plist;
				LD_RUNPATH_SEARCH_PATHS = "$(inherited) @executable_path/Frameworks @loader_path/Frameworks";
				PRODUCT_BUNDLE_IDENTIFIER = RailgunHamster.ArcFaceTestTests;
				PRODUCT_NAME = "$(TARGET_NAME)";
				SWIFT_VERSION = 4.0;
				TARGETED_DEVICE_FAMILY = "1,2";
				TEST_HOST = "$(BUILT_PRODUCTS_DIR)/ArcFaceTest.app/ArcFaceTest";
			};
			name = Release;
		};
		007B0D7C201C7A8700E53324 /* Debug */ = {
			isa = XCBuildConfiguration;
			buildSettings = {
				ALWAYS_EMBED_SWIFT_STANDARD_LIBRARIES = YES;
				CODE_SIGN_STYLE = Automatic;
				DEVELOPMENT_TEAM = 5VNNC4KHA4;
				INFOPLIST_FILE = ArcFaceTestUITests/Info.plist;
				LD_RUNPATH_SEARCH_PATHS = "$(inherited) @executable_path/Frameworks @loader_path/Frameworks";
				PRODUCT_BUNDLE_IDENTIFIER = RailgunHamster.ArcFaceTestUITests;
				PRODUCT_NAME = "$(TARGET_NAME)";
				SWIFT_VERSION = 4.0;
				TARGETED_DEVICE_FAMILY = "1,2";
				TEST_TARGET_NAME = ArcFaceTest;
			};
			name = Debug;
		};
		007B0D7D201C7A8700E53324 /* Release */ = {
			isa = XCBuildConfiguration;
			buildSettings = {
				ALWAYS_EMBED_SWIFT_STANDARD_LIBRARIES = YES;
				CODE_SIGN_STYLE = Automatic;
				DEVELOPMENT_TEAM = 5VNNC4KHA4;
				INFOPLIST_FILE = ArcFaceTestUITests/Info.plist;
				LD_RUNPATH_SEARCH_PATHS = "$(inherited) @executable_path/Frameworks @loader_path/Frameworks";
				PRODUCT_BUNDLE_IDENTIFIER = RailgunHamster.ArcFaceTestUITests;
				PRODUCT_NAME = "$(TARGET_NAME)";
				SWIFT_VERSION = 4.0;
				TARGETED_DEVICE_FAMILY = "1,2";
				TEST_TARGET_NAME = ArcFaceTest;
			};
			name = Release;
		};
/* End XCBuildConfiguration section */

/* Begin XCConfigurationList section */
		007B0D48201C7A8700E53324 /* Build configuration list for PBXProject "ArcFaceTest" */ = {
			isa = XCConfigurationList;
			buildConfigurations = (
				007B0D73201C7A8700E53324 /* Debug */,
				007B0D74201C7A8700E53324 /* Release */,
			);
			defaultConfigurationIsVisible = 0;
			defaultConfigurationName = Release;
		};
		007B0D75201C7A8700E53324 /* Build configuration list for PBXNativeTarget "ArcFaceTest" */ = {
			isa = XCConfigurationList;
			buildConfigurations = (
				007B0D76201C7A8700E53324 /* Debug */,
				007B0D77201C7A8700E53324 /* Release */,
			);
			defaultConfigurationIsVisible = 0;
			defaultConfigurationName = Release;
		};
		007B0D78201C7A8700E53324 /* Build configuration list for PBXNativeTarget "ArcFaceTestTests" */ = {
			isa = XCConfigurationList;
			buildConfigurations = (
				007B0D79201C7A8700E53324 /* Debug */,
				007B0D7A201C7A8700E53324 /* Release */,
			);
			defaultConfigurationIsVisible = 0;
			defaultConfigurationName = Release;
		};
		007B0D7B201C7A8700E53324 /* Build configuration list for PBXNativeTarget "ArcFaceTestUITests" */ = {
			isa = XCConfigurationList;
			buildConfigurations = (
				007B0D7C201C7A8700E53324 /* Debug */,
				007B0D7D201C7A8700E53324 /* Release */,
			);
			defaultConfigurationIsVisible = 0;
			defaultConfigurationName = Release;
		};
/* End XCConfigurationList section */

/* Begin XCVersionGroup section */
		004543BA20638D93006CBC8C /* InformationModel.xcdatamodeld */ = {
			isa = XCVersionGroup;
			children = (
				004543BB20638D93006CBC8C /* InformationModel.xcdatamodel */,
			);
			currentVersion = 004543BB20638D93006CBC8C /* InformationModel.xcdatamodel */;
			path = InformationModel.xcdatamodeld;
			sourceTree = "<group>";
			versionGroupType = wrapper.xcdatamodel;
		};
		007B0DE0201C8C3000E53324 /* FSDKFR.xcdatamodeld */ = {
			isa = XCVersionGroup;
			children = (
				007B0DE1201C8C3000E53324 /* FSDKFR.xcdatamodel */,
			);
			currentVersion = 007B0DE1201C8C3000E53324 /* FSDKFR.xcdatamodel */;
			path = FSDKFR.xcdatamodeld;
			sourceTree = "<group>";
			versionGroupType = wrapper.xcdatamodel;
		};
/* End XCVersionGroup section */
	};
	rootObject = 007B0D45201C7A8700E53324 /* Project object */;
}
